// !$*UTF8*$!
{
	archiveVersion = 1;
	classes = {
	};
	objectVersion = 48;
	objects = {

/* Begin PBXBuildFile section */
		3422D37F20226FE600570374 /* GoogleService-Info.plist in Resources */ = {isa = PBXBuildFile; fileRef = 3422D37E20226FE600570374 /* GoogleService-Info.plist */; };
		344C93EA20226E280025E4C5 /* AppDelegate.swift in Sources */ = {isa = PBXBuildFile; fileRef = 344C93E920226E280025E4C5 /* AppDelegate.swift */; };
		344C93EF20226E280025E4C5 /* Main.storyboard in Resources */ = {isa = PBXBuildFile; fileRef = 344C93ED20226E280025E4C5 /* Main.storyboard */; };
		344C93F220226E280025E4C5 /* reCap.xcdatamodeld in Sources */ = {isa = PBXBuildFile; fileRef = 344C93F020226E280025E4C5 /* reCap.xcdatamodeld */; };
		344C93F420226E280025E4C5 /* Assets.xcassets in Resources */ = {isa = PBXBuildFile; fileRef = 344C93F320226E280025E4C5 /* Assets.xcassets */; };
		344C940220226E280025E4C5 /* reCapTests.swift in Sources */ = {isa = PBXBuildFile; fileRef = 344C940120226E280025E4C5 /* reCapTests.swift */; };
		344C940D20226E280025E4C5 /* reCapUITests.swift in Sources */ = {isa = PBXBuildFile; fileRef = 344C940C20226E280025E4C5 /* reCapUITests.swift */; };
		345FB83920363BE300C59FDB /* SignInVC.swift in Sources */ = {isa = PBXBuildFile; fileRef = 345FB83820363BE300C59FDB /* SignInVC.swift */; };
		347A06A4202A14BB00961024 /* SignInTransitionVC.swift in Sources */ = {isa = PBXBuildFile; fileRef = 347A06A3202A14BB00961024 /* SignInTransitionVC.swift */; };
		347B20FE2058C935001B72A0 /* ChallengeViewVC.swift in Sources */ = {isa = PBXBuildFile; fileRef = 347B20FD2058C935001B72A0 /* ChallengeViewVC.swift */; };
		34A7ACA8202787DA00ACFB12 /* PageViewController.swift in Sources */ = {isa = PBXBuildFile; fileRef = 34A7ACA7202787DA00ACFB12 /* PageViewController.swift */; };
		34A7ACB42027A4EB00ACFB12 /* Map.storyboard in Resources */ = {isa = PBXBuildFile; fileRef = 34A7ACB32027A4EB00ACFB12 /* Map.storyboard */; };
		34A7ACB62027A4F500ACFB12 /* Camera.storyboard in Resources */ = {isa = PBXBuildFile; fileRef = 34A7ACB52027A4F500ACFB12 /* Camera.storyboard */; };
		34A7ACB82027A51700ACFB12 /* LeaderboardsFriends.storyboard in Resources */ = {isa = PBXBuildFile; fileRef = 34A7ACB72027A51700ACFB12 /* LeaderboardsFriends.storyboard */; };
		34B359A920583F9B0093D02C /* CustomOverlay.swift in Sources */ = {isa = PBXBuildFile; fileRef = 34B359A520583F940093D02C /* CustomOverlay.swift */; };
		34B359AB20583F9B0093D02C /* CustomPage.xib in Resources */ = {isa = PBXBuildFile; fileRef = 34B359A720583F980093D02C /* CustomPage.xib */; };
		34B359AC20583F9B0093D02C /* CustomOverlay.xib in Resources */ = {isa = PBXBuildFile; fileRef = 34B359A820583F9A0093D02C /* CustomOverlay.xib */; };
		34F60577203FD24C001A74E4 /* ImageConfirmVC.swift in Sources */ = {isa = PBXBuildFile; fileRef = 34F60575203FD24C001A74E4 /* ImageConfirmVC.swift */; };
		3BD76B62D24CA017D72CCCDA /* Pods_reCapUITests.framework in Frameworks */ = {isa = PBXBuildFile; fileRef = 9CD7EFB0164AE95822E97FC9 /* Pods_reCapUITests.framework */; };
		4166566AA68139D9E70F183A /* Pods_reCap.framework in Frameworks */ = {isa = PBXBuildFile; fileRef = C0C6A1AA7E56B3B8DAD1F814 /* Pods_reCap.framework */; };
		431B5E71E2A82C2D5591C9FD /* Pods_reCapTests.framework in Frameworks */ = {isa = PBXBuildFile; fileRef = 0A855F58760B4E1DE5F6226D /* Pods_reCapTests.framework */; };
		7A011EA72083FD8700A0EE99 /* User.swift in Sources */ = {isa = PBXBuildFile; fileRef = 7A011EA62083FD8700A0EE99 /* User.swift */; };
		7A0162CA204E3D91000539E0 /* DateGetter.swift in Sources */ = {isa = PBXBuildFile; fileRef = 7A0162C9204E3D91000539E0 /* DateGetter.swift */; };
		7A120DC3203E6BBB0003EE1F /* Profile.storyboard in Resources */ = {isa = PBXBuildFile; fileRef = 7A120DC2203E6BBB0003EE1F /* Profile.storyboard */; };
		7A120DC7203E6EB10003EE1F /* Tutorial.storyboard in Resources */ = {isa = PBXBuildFile; fileRef = 7A120DC6203E6EB10003EE1F /* Tutorial.storyboard */; };
		7A120DCF2041F0570003EE1F /* PhotoChalColCell.swift in Sources */ = {isa = PBXBuildFile; fileRef = 7A120DCE2041F0560003EE1F /* PhotoChalColCell.swift */; };
		7A120DD12041F4B50003EE1F /* ImageButtonDelegate.swift in Sources */ = {isa = PBXBuildFile; fileRef = 7A120DD02041F4B50003EE1F /* ImageButtonDelegate.swift */; };
		7A120DD32041F7A70003EE1F /* PhotoVC.swift in Sources */ = {isa = PBXBuildFile; fileRef = 7A120DD22041F7A70003EE1F /* PhotoVC.swift */; };
		7A38A275202AB56100DF239F /* PhotoChallengeTableCell.swift in Sources */ = {isa = PBXBuildFile; fileRef = 7A38A274202AB56100DF239F /* PhotoChallengeTableCell.swift */; };
		7A38A279202AB57600DF239F /* PhotoLibChallenge.storyboard in Resources */ = {isa = PBXBuildFile; fileRef = 7A38A278202AB57600DF239F /* PhotoLibChallenge.storyboard */; };
		7A3B468C202AB3FC001D19B6 /* EdgeShadowLayer.swift in Sources */ = {isa = PBXBuildFile; fileRef = 7A3B468B202AB3FC001D19B6 /* EdgeShadowLayer.swift */; };
		7A3B468E202AB407001D19B6 /* SignIn.storyboard in Resources */ = {isa = PBXBuildFile; fileRef = 7A3B468D202AB407001D19B6 /* SignIn.storyboard */; };
		7A3C5538207AFDDD009A8036 /* HorizontalDial.swift in Sources */ = {isa = PBXBuildFile; fileRef = 7A3C5537207AFDDD009A8036 /* HorizontalDial.swift */; };
		7A3C553A207B029D009A8036 /* RealmConstants.swift in Sources */ = {isa = PBXBuildFile; fileRef = 7A3C5539207B029D009A8036 /* RealmConstants.swift */; };
		7A3C553C207B0949009A8036 /* UserData.swift in Sources */ = {isa = PBXBuildFile; fileRef = 7A3C553B207B0949009A8036 /* UserData.swift */; };
		7A3C553E207B1082009A8036 /* PictureData.swift in Sources */ = {isa = PBXBuildFile; fileRef = 7A3C553D207B1082009A8036 /* PictureData.swift */; };
		7A3C60112027B99A00ABC9E1 /* PageView.storyboard in Resources */ = {isa = PBXBuildFile; fileRef = 7A3C60102027B99A00ABC9E1 /* PageView.storyboard */; };
		7A3C60132027BAE300ABC9E1 /* MapContainerVC.swift in Sources */ = {isa = PBXBuildFile; fileRef = 7A3C60122027BAE200ABC9E1 /* MapContainerVC.swift */; };
		7A494E5F208D48EB00A72AA8 /* RealmHelper.swift in Sources */ = {isa = PBXBuildFile; fileRef = 7A494E5E208D48EB00A72AA8 /* RealmHelper.swift */; };
		7A4D8A3A20277E4F0043878E /* CreateAccountVC.swift in Sources */ = {isa = PBXBuildFile; fileRef = 7A4D8A3920277E4F0043878E /* CreateAccountVC.swift */; };
		7A4D8A442027801E0043878E /* NavigationVC.swift in Sources */ = {isa = PBXBuildFile; fileRef = 7A4D8A432027801E0043878E /* NavigationVC.swift */; };
		7A4D8A4A2027818A0043878E /* ProfileSettingsVC.swift in Sources */ = {isa = PBXBuildFile; fileRef = 7A4D8A492027818A0043878E /* ProfileSettingsVC.swift */; };
		7A5358A4205ADF150047F410 /* AppLoadingVC.swift in Sources */ = {isa = PBXBuildFile; fileRef = 7A5358A3205ADF150047F410 /* AppLoadingVC.swift */; };
		7A5358A8205B6E680047F410 /* LeaderboardsFriendsVC.swift in Sources */ = {isa = PBXBuildFile; fileRef = 7A5358A7205B6E670047F410 /* LeaderboardsFriendsVC.swift */; };
		7A5358AC205B6EE10047F410 /* CustomPage.swift in Sources */ = {isa = PBXBuildFile; fileRef = 7A5358A9205B6EE00047F410 /* CustomPage.swift */; };
		7A5358AD205B6EE10047F410 /* TutorialTransitionVC.swift in Sources */ = {isa = PBXBuildFile; fileRef = 7A5358AA205B6EE00047F410 /* TutorialTransitionVC.swift */; };
		7A5358AE205B6EE10047F410 /* TutorialWelcomeVC.swift in Sources */ = {isa = PBXBuildFile; fileRef = 7A5358AB205B6EE10047F410 /* TutorialWelcomeVC.swift */; };
		7A5358B0205B77DE0047F410 /* MapVC.swift in Sources */ = {isa = PBXBuildFile; fileRef = 7A5358AF205B77DE0047F410 /* MapVC.swift */; };
		7A5358B4205C8ACB0047F410 /* PhotoLibChallengeVC.swift in Sources */ = {isa = PBXBuildFile; fileRef = 7A5358B3205C8ACB0047F410 /* PhotoLibChallengeVC.swift */; };
		7A5878472030D22700F36A56 /* Extensions.swift in Sources */ = {isa = PBXBuildFile; fileRef = 7A5878462030D22600F36A56 /* Extensions.swift */; };
		7A58784F2030D25900F36A56 /* triomphe-bold-autoinstr.ttf in Resources */ = {isa = PBXBuildFile; fileRef = 7A5878492030D25900F36A56 /* triomphe-bold-autoinstr.ttf */; };
		7A5878502030D25900F36A56 /* triomphe-light-autoinstr.ttf in Resources */ = {isa = PBXBuildFile; fileRef = 7A58784A2030D25900F36A56 /* triomphe-light-autoinstr.ttf */; };
		7A5878512030D25900F36A56 /* triomphe-italic-autoinstr.ttf in Resources */ = {isa = PBXBuildFile; fileRef = 7A58784B2030D25900F36A56 /* triomphe-italic-autoinstr.ttf */; };
		7A5878522030D25900F36A56 /* triomphe-light-italic-autoinstr.ttf in Resources */ = {isa = PBXBuildFile; fileRef = 7A58784C2030D25900F36A56 /* triomphe-light-italic-autoinstr.ttf */; };
		7A5878532030D25900F36A56 /* triomphe-bold-italic-autoinstr.ttf in Resources */ = {isa = PBXBuildFile; fileRef = 7A58784D2030D25900F36A56 /* triomphe-bold-italic-autoinstr.ttf */; };
		7A5878542030D25900F36A56 /* triomphe-regular-autoinstr.ttf in Resources */ = {isa = PBXBuildFile; fileRef = 7A58784E2030D25900F36A56 /* triomphe-regular-autoinstr.ttf */; };
		7A58785E20310A0100F36A56 /* CreateAccount.storyboard in Resources */ = {isa = PBXBuildFile; fileRef = 7A58785D20310A0100F36A56 /* CreateAccount.storyboard */; };
		7AA8EE8C2054AD3F0043B73C /* ChallengeView.storyboard in Resources */ = {isa = PBXBuildFile; fileRef = 7AA8EE8B2054AD3F0043B73C /* ChallengeView.storyboard */; };
		7AA8EE922055A5000043B73C /* ImageCreateVC.swift in Sources */ = {isa = PBXBuildFile; fileRef = 7AA8EE912055A5000043B73C /* ImageCreateVC.swift */; };
		7ABF80CE203A63F800BCE787 /* Settings.storyboard in Resources */ = {isa = PBXBuildFile; fileRef = 7ABF80CD203A63F800BCE787 /* Settings.storyboard */; };
		7ABF80D0203A64D300BCE787 /* Photo.storyboard in Resources */ = {isa = PBXBuildFile; fileRef = 7ABF80CF203A64D300BCE787 /* Photo.storyboard */; };
		7AE3755F2037C56000CA9946 /* Launch Screen.storyboard in Resources */ = {isa = PBXBuildFile; fileRef = 7AE3755E2037C56000CA9946 /* Launch Screen.storyboard */; };
		7AE375672037C6DA00CA9946 /* FBDatabase.swift in Sources */ = {isa = PBXBuildFile; fileRef = 7AE375662037C6D900CA9946 /* FBDatabase.swift */; };
		7AE3756C2037C8E100CA9946 /* LeaderboardFriendsTableCell.swift in Sources */ = {isa = PBXBuildFile; fileRef = 7AE3756A2037C8E100CA9946 /* LeaderboardFriendsTableCell.swift */; };
		7AF10F4F2058A46C00019C70 /* AppLoading.storyboard in Resources */ = {isa = PBXBuildFile; fileRef = 7AF10F4E2058A46C00019C70 /* AppLoading.storyboard */; };
		7AF10F512058A47B00019C70 /* ProfileMenuVC.swift in Sources */ = {isa = PBXBuildFile; fileRef = 7AF10F502058A47B00019C70 /* ProfileMenuVC.swift */; };
		7AF10F532058A48B00019C70 /* TutorialContainerVC.swift in Sources */ = {isa = PBXBuildFile; fileRef = 7AF10F522058A48A00019C70 /* TutorialContainerVC.swift */; };
		7AF10F552058A49800019C70 /* CameraContainerVC.swift in Sources */ = {isa = PBXBuildFile; fileRef = 7AF10F542058A49800019C70 /* CameraContainerVC.swift */; };
		7AF10F572058DA7D00019C70 /* SnappingCollectionViewLayout.swift in Sources */ = {isa = PBXBuildFile; fileRef = 7AF10F562058DA7D00019C70 /* SnappingCollectionViewLayout.swift */; };
		7AF10F5A2059EEF500019C70 /* Sort.swift in Sources */ = {isa = PBXBuildFile; fileRef = 7AF10F592059EEF500019C70 /* Sort.swift */; };
		7AF3594A2038CDE500713EA3 /* SettingsVC.swift in Sources */ = {isa = PBXBuildFile; fileRef = 7AF359492038CDE500713EA3 /* SettingsVC.swift */; };
		7AF3594E2038FB6700713EA3 /* Username.swift in Sources */ = {isa = PBXBuildFile; fileRef = 7AF3594D2038FB6700713EA3 /* Username.swift */; };
/* End PBXBuildFile section */

/* Begin PBXContainerItemProxy section */
		344C93FE20226E280025E4C5 /* PBXContainerItemProxy */ = {
			isa = PBXContainerItemProxy;
			containerPortal = 344C93DE20226E280025E4C5 /* Project object */;
			proxyType = 1;
			remoteGlobalIDString = 344C93E520226E280025E4C5;
			remoteInfo = reCap;
		};
		344C940920226E280025E4C5 /* PBXContainerItemProxy */ = {
			isa = PBXContainerItemProxy;
			containerPortal = 344C93DE20226E280025E4C5 /* Project object */;
			proxyType = 1;
			remoteGlobalIDString = 344C93E520226E280025E4C5;
			remoteInfo = reCap;
		};
/* End PBXContainerItemProxy section */

/* Begin PBXFileReference section */
		0A2114EEAEABC1E493BE437E /* Pods-reCapUITests.debug.xcconfig */ = {isa = PBXFileReference; includeInIndex = 1; lastKnownFileType = text.xcconfig; name = "Pods-reCapUITests.debug.xcconfig"; path = "Pods/Target Support Files/Pods-reCapUITests/Pods-reCapUITests.debug.xcconfig"; sourceTree = "<group>"; };
		0A855F58760B4E1DE5F6226D /* Pods_reCapTests.framework */ = {isa = PBXFileReference; explicitFileType = wrapper.framework; includeInIndex = 0; path = Pods_reCapTests.framework; sourceTree = BUILT_PRODUCTS_DIR; };
		33F49E39B3F66D85845EA247 /* Pods-reCapTests.debug.xcconfig */ = {isa = PBXFileReference; includeInIndex = 1; lastKnownFileType = text.xcconfig; name = "Pods-reCapTests.debug.xcconfig"; path = "Pods/Target Support Files/Pods-reCapTests/Pods-reCapTests.debug.xcconfig"; sourceTree = "<group>"; };
		3422D37E20226FE600570374 /* GoogleService-Info.plist */ = {isa = PBXFileReference; fileEncoding = 4; lastKnownFileType = text.plist.xml; path = "GoogleService-Info.plist"; sourceTree = "<group>"; };
		344C93E620226E280025E4C5 /* reCap.app */ = {isa = PBXFileReference; explicitFileType = wrapper.application; includeInIndex = 0; path = reCap.app; sourceTree = BUILT_PRODUCTS_DIR; };
		344C93E920226E280025E4C5 /* AppDelegate.swift */ = {isa = PBXFileReference; lastKnownFileType = sourcecode.swift; path = AppDelegate.swift; sourceTree = "<group>"; };
		344C93EE20226E280025E4C5 /* Base */ = {isa = PBXFileReference; lastKnownFileType = file.storyboard; name = Base; path = Base.lproj/Main.storyboard; sourceTree = "<group>"; };
		344C93F120226E280025E4C5 /* reCap.xcdatamodel */ = {isa = PBXFileReference; lastKnownFileType = wrapper.xcdatamodel; path = reCap.xcdatamodel; sourceTree = "<group>"; };
		344C93F320226E280025E4C5 /* Assets.xcassets */ = {isa = PBXFileReference; lastKnownFileType = folder.assetcatalog; path = Assets.xcassets; sourceTree = "<group>"; };
		344C93F820226E280025E4C5 /* Info.plist */ = {isa = PBXFileReference; lastKnownFileType = text.plist.xml; path = Info.plist; sourceTree = "<group>"; };
		344C93FD20226E280025E4C5 /* reCapTests.xctest */ = {isa = PBXFileReference; explicitFileType = wrapper.cfbundle; includeInIndex = 0; path = reCapTests.xctest; sourceTree = BUILT_PRODUCTS_DIR; };
		344C940120226E280025E4C5 /* reCapTests.swift */ = {isa = PBXFileReference; lastKnownFileType = sourcecode.swift; path = reCapTests.swift; sourceTree = "<group>"; };
		344C940320226E280025E4C5 /* Info.plist */ = {isa = PBXFileReference; lastKnownFileType = text.plist.xml; path = Info.plist; sourceTree = "<group>"; };
		344C940820226E280025E4C5 /* reCapUITests.xctest */ = {isa = PBXFileReference; explicitFileType = wrapper.cfbundle; includeInIndex = 0; path = reCapUITests.xctest; sourceTree = BUILT_PRODUCTS_DIR; };
		344C940C20226E280025E4C5 /* reCapUITests.swift */ = {isa = PBXFileReference; lastKnownFileType = sourcecode.swift; path = reCapUITests.swift; sourceTree = "<group>"; };
		344C940E20226E280025E4C5 /* Info.plist */ = {isa = PBXFileReference; lastKnownFileType = text.plist.xml; path = Info.plist; sourceTree = "<group>"; };
		345FB83820363BE300C59FDB /* SignInVC.swift */ = {isa = PBXFileReference; lastKnownFileType = sourcecode.swift; path = SignInVC.swift; sourceTree = "<group>"; };
		347A06A3202A14BB00961024 /* SignInTransitionVC.swift */ = {isa = PBXFileReference; lastKnownFileType = sourcecode.swift; path = SignInTransitionVC.swift; sourceTree = "<group>"; };
		347B20FD2058C935001B72A0 /* ChallengeViewVC.swift */ = {isa = PBXFileReference; lastKnownFileType = sourcecode.swift; path = ChallengeViewVC.swift; sourceTree = "<group>"; };
		348591F6203A23C4003E3704 /* Tutorial.storyboard */ = {isa = PBXFileReference; lastKnownFileType = file.storyboard; name = Tutorial.storyboard; path = ../../../../../../kaleb/Documents/SideProjects/reCap/reCap/Storyboards/Tutorial.storyboard; sourceTree = "<group>"; };
		34A7ACA7202787DA00ACFB12 /* PageViewController.swift */ = {isa = PBXFileReference; lastKnownFileType = sourcecode.swift; path = PageViewController.swift; sourceTree = "<group>"; };
		34A7ACB32027A4EB00ACFB12 /* Map.storyboard */ = {isa = PBXFileReference; lastKnownFileType = file.storyboard; path = Map.storyboard; sourceTree = "<group>"; };
		34A7ACB52027A4F500ACFB12 /* Camera.storyboard */ = {isa = PBXFileReference; lastKnownFileType = file.storyboard; path = Camera.storyboard; sourceTree = "<group>"; };
		34A7ACB72027A51700ACFB12 /* LeaderboardsFriends.storyboard */ = {isa = PBXFileReference; lastKnownFileType = file.storyboard; path = LeaderboardsFriends.storyboard; sourceTree = "<group>"; };
		34B359A520583F940093D02C /* CustomOverlay.swift */ = {isa = PBXFileReference; fileEncoding = 4; lastKnownFileType = sourcecode.swift; path = CustomOverlay.swift; sourceTree = "<group>"; };
		34B359A720583F980093D02C /* CustomPage.xib */ = {isa = PBXFileReference; fileEncoding = 4; lastKnownFileType = file.xib; path = CustomPage.xib; sourceTree = "<group>"; };
		34B359A820583F9A0093D02C /* CustomOverlay.xib */ = {isa = PBXFileReference; fileEncoding = 4; lastKnownFileType = file.xib; path = CustomOverlay.xib; sourceTree = "<group>"; };
		34F60575203FD24C001A74E4 /* ImageConfirmVC.swift */ = {isa = PBXFileReference; lastKnownFileType = sourcecode.swift; name = ImageConfirmVC.swift; path = "reCap/View Controllers/Camera/ImageConfirmVC.swift"; sourceTree = SOURCE_ROOT; };
		6E7F0BE298641A4C1885D691 /* Pods-reCap.debug.xcconfig */ = {isa = PBXFileReference; includeInIndex = 1; lastKnownFileType = text.xcconfig; name = "Pods-reCap.debug.xcconfig"; path = "Pods/Target Support Files/Pods-reCap/Pods-reCap.debug.xcconfig"; sourceTree = "<group>"; };
		7A011EA62083FD8700A0EE99 /* User.swift */ = {isa = PBXFileReference; fileEncoding = 4; lastKnownFileType = sourcecode.swift; path = User.swift; sourceTree = "<group>"; };
		7A0162C9204E3D91000539E0 /* DateGetter.swift */ = {isa = PBXFileReference; lastKnownFileType = sourcecode.swift; path = DateGetter.swift; sourceTree = "<group>"; };
		7A120DC2203E6BBB0003EE1F /* Profile.storyboard */ = {isa = PBXFileReference; fileEncoding = 4; lastKnownFileType = file.storyboard; path = Profile.storyboard; sourceTree = "<group>"; };
		7A120DC6203E6EB10003EE1F /* Tutorial.storyboard */ = {isa = PBXFileReference; fileEncoding = 4; lastKnownFileType = file.storyboard; path = Tutorial.storyboard; sourceTree = "<group>"; };
		7A120DCE2041F0560003EE1F /* PhotoChalColCell.swift */ = {isa = PBXFileReference; fileEncoding = 4; lastKnownFileType = sourcecode.swift; path = PhotoChalColCell.swift; sourceTree = "<group>"; };
		7A120DD02041F4B50003EE1F /* ImageButtonDelegate.swift */ = {isa = PBXFileReference; lastKnownFileType = sourcecode.swift; path = ImageButtonDelegate.swift; sourceTree = "<group>"; };
		7A120DD22041F7A70003EE1F /* PhotoVC.swift */ = {isa = PBXFileReference; lastKnownFileType = sourcecode.swift; path = PhotoVC.swift; sourceTree = "<group>"; };
		7A38A274202AB56100DF239F /* PhotoChallengeTableCell.swift */ = {isa = PBXFileReference; fileEncoding = 4; lastKnownFileType = sourcecode.swift; path = PhotoChallengeTableCell.swift; sourceTree = "<group>"; };
		7A38A278202AB57600DF239F /* PhotoLibChallenge.storyboard */ = {isa = PBXFileReference; fileEncoding = 4; lastKnownFileType = file.storyboard; path = PhotoLibChallenge.storyboard; sourceTree = "<group>"; };
		7A3B468B202AB3FC001D19B6 /* EdgeShadowLayer.swift */ = {isa = PBXFileReference; fileEncoding = 4; lastKnownFileType = sourcecode.swift; path = EdgeShadowLayer.swift; sourceTree = "<group>"; };
		7A3B468D202AB407001D19B6 /* SignIn.storyboard */ = {isa = PBXFileReference; fileEncoding = 4; lastKnownFileType = file.storyboard; path = SignIn.storyboard; sourceTree = "<group>"; };
		7A3C5537207AFDDD009A8036 /* HorizontalDial.swift */ = {isa = PBXFileReference; fileEncoding = 4; lastKnownFileType = sourcecode.swift; path = HorizontalDial.swift; sourceTree = "<group>"; };
		7A3C5539207B029D009A8036 /* RealmConstants.swift */ = {isa = PBXFileReference; lastKnownFileType = sourcecode.swift; path = RealmConstants.swift; sourceTree = "<group>"; };
		7A3C553B207B0949009A8036 /* UserData.swift */ = {isa = PBXFileReference; lastKnownFileType = sourcecode.swift; path = UserData.swift; sourceTree = "<group>"; };
		7A3C553D207B1082009A8036 /* PictureData.swift */ = {isa = PBXFileReference; lastKnownFileType = sourcecode.swift; path = PictureData.swift; sourceTree = "<group>"; };
		7A3C60102027B99A00ABC9E1 /* PageView.storyboard */ = {isa = PBXFileReference; fileEncoding = 4; lastKnownFileType = file.storyboard; path = PageView.storyboard; sourceTree = "<group>"; };
		7A3C60122027BAE200ABC9E1 /* MapContainerVC.swift */ = {isa = PBXFileReference; fileEncoding = 4; lastKnownFileType = sourcecode.swift; path = MapContainerVC.swift; sourceTree = "<group>"; };
		7A494E5E208D48EB00A72AA8 /* RealmHelper.swift */ = {isa = PBXFileReference; fileEncoding = 4; lastKnownFileType = sourcecode.swift; path = RealmHelper.swift; sourceTree = "<group>"; };
		7A4D8A3920277E4F0043878E /* CreateAccountVC.swift */ = {isa = PBXFileReference; lastKnownFileType = sourcecode.swift; path = CreateAccountVC.swift; sourceTree = "<group>"; };
		7A4D8A432027801E0043878E /* NavigationVC.swift */ = {isa = PBXFileReference; lastKnownFileType = sourcecode.swift; path = NavigationVC.swift; sourceTree = "<group>"; };
		7A4D8A492027818A0043878E /* ProfileSettingsVC.swift */ = {isa = PBXFileReference; lastKnownFileType = sourcecode.swift; path = ProfileSettingsVC.swift; sourceTree = "<group>"; };
		7A5358A3205ADF150047F410 /* AppLoadingVC.swift */ = {isa = PBXFileReference; fileEncoding = 4; lastKnownFileType = sourcecode.swift; path = AppLoadingVC.swift; sourceTree = "<group>"; };
		7A5358A7205B6E670047F410 /* LeaderboardsFriendsVC.swift */ = {isa = PBXFileReference; fileEncoding = 4; lastKnownFileType = sourcecode.swift; path = LeaderboardsFriendsVC.swift; sourceTree = "<group>"; };
		7A5358A9205B6EE00047F410 /* CustomPage.swift */ = {isa = PBXFileReference; fileEncoding = 4; lastKnownFileType = sourcecode.swift; path = CustomPage.swift; sourceTree = "<group>"; };
		7A5358AA205B6EE00047F410 /* TutorialTransitionVC.swift */ = {isa = PBXFileReference; fileEncoding = 4; lastKnownFileType = sourcecode.swift; path = TutorialTransitionVC.swift; sourceTree = "<group>"; };
		7A5358AB205B6EE10047F410 /* TutorialWelcomeVC.swift */ = {isa = PBXFileReference; fileEncoding = 4; lastKnownFileType = sourcecode.swift; path = TutorialWelcomeVC.swift; sourceTree = "<group>"; };
		7A5358AF205B77DE0047F410 /* MapVC.swift */ = {isa = PBXFileReference; fileEncoding = 4; lastKnownFileType = sourcecode.swift; path = MapVC.swift; sourceTree = "<group>"; };
		7A5358B3205C8ACB0047F410 /* PhotoLibChallengeVC.swift */ = {isa = PBXFileReference; fileEncoding = 4; lastKnownFileType = sourcecode.swift; path = PhotoLibChallengeVC.swift; sourceTree = "<group>"; };
		7A5878462030D22600F36A56 /* Extensions.swift */ = {isa = PBXFileReference; fileEncoding = 4; lastKnownFileType = sourcecode.swift; path = Extensions.swift; sourceTree = "<group>"; };
		7A5878492030D25900F36A56 /* triomphe-bold-autoinstr.ttf */ = {isa = PBXFileReference; lastKnownFileType = file; name = "triomphe-bold-autoinstr.ttf"; path = "reCap/Custom Fonts/triomphe-bold-autoinstr.ttf"; sourceTree = SOURCE_ROOT; };
		7A58784A2030D25900F36A56 /* triomphe-light-autoinstr.ttf */ = {isa = PBXFileReference; lastKnownFileType = file; name = "triomphe-light-autoinstr.ttf"; path = "reCap/Custom Fonts/triomphe-light-autoinstr.ttf"; sourceTree = SOURCE_ROOT; };
		7A58784B2030D25900F36A56 /* triomphe-italic-autoinstr.ttf */ = {isa = PBXFileReference; lastKnownFileType = file; name = "triomphe-italic-autoinstr.ttf"; path = "reCap/Custom Fonts/triomphe-italic-autoinstr.ttf"; sourceTree = SOURCE_ROOT; };
		7A58784C2030D25900F36A56 /* triomphe-light-italic-autoinstr.ttf */ = {isa = PBXFileReference; lastKnownFileType = file; name = "triomphe-light-italic-autoinstr.ttf"; path = "reCap/Custom Fonts/triomphe-light-italic-autoinstr.ttf"; sourceTree = SOURCE_ROOT; };
		7A58784D2030D25900F36A56 /* triomphe-bold-italic-autoinstr.ttf */ = {isa = PBXFileReference; lastKnownFileType = file; name = "triomphe-bold-italic-autoinstr.ttf"; path = "reCap/Custom Fonts/triomphe-bold-italic-autoinstr.ttf"; sourceTree = SOURCE_ROOT; };
		7A58784E2030D25900F36A56 /* triomphe-regular-autoinstr.ttf */ = {isa = PBXFileReference; lastKnownFileType = file; name = "triomphe-regular-autoinstr.ttf"; path = "reCap/Custom Fonts/triomphe-regular-autoinstr.ttf"; sourceTree = SOURCE_ROOT; };
		7A58785D20310A0100F36A56 /* CreateAccount.storyboard */ = {isa = PBXFileReference; lastKnownFileType = file.storyboard; path = CreateAccount.storyboard; sourceTree = "<group>"; };
		7AA8EE8B2054AD3F0043B73C /* ChallengeView.storyboard */ = {isa = PBXFileReference; fileEncoding = 4; lastKnownFileType = file.storyboard; path = ChallengeView.storyboard; sourceTree = "<group>"; };
		7AA8EE912055A5000043B73C /* ImageCreateVC.swift */ = {isa = PBXFileReference; fileEncoding = 4; lastKnownFileType = sourcecode.swift; path = ImageCreateVC.swift; sourceTree = "<group>"; };
		7AB6A13E203E68EA00933F30 /* ImageConfirmVC.swift */ = {isa = PBXFileReference; fileEncoding = 4; lastKnownFileType = sourcecode.swift; path = ImageConfirmVC.swift; sourceTree = "<group>"; };
		7AB6A140203E68F700933F30 /* ImageCreateVC.swift */ = {isa = PBXFileReference; fileEncoding = 4; lastKnownFileType = sourcecode.swift; path = ImageCreateVC.swift; sourceTree = "<group>"; };
		7ABF80CD203A63F800BCE787 /* Settings.storyboard */ = {isa = PBXFileReference; lastKnownFileType = file.storyboard; path = Settings.storyboard; sourceTree = "<group>"; };
		7ABF80CF203A64D300BCE787 /* Photo.storyboard */ = {isa = PBXFileReference; lastKnownFileType = file.storyboard; path = Photo.storyboard; sourceTree = "<group>"; };
		7AE3755E2037C56000CA9946 /* Launch Screen.storyboard */ = {isa = PBXFileReference; fileEncoding = 4; lastKnownFileType = file.storyboard; path = "Launch Screen.storyboard"; sourceTree = "<group>"; };
		7AE375662037C6D900CA9946 /* FBDatabase.swift */ = {isa = PBXFileReference; fileEncoding = 4; lastKnownFileType = sourcecode.swift; path = FBDatabase.swift; sourceTree = "<group>"; };
		7AE3756A2037C8E100CA9946 /* LeaderboardFriendsTableCell.swift */ = {isa = PBXFileReference; fileEncoding = 4; lastKnownFileType = sourcecode.swift; path = LeaderboardFriendsTableCell.swift; sourceTree = "<group>"; };
		7AF10F4E2058A46C00019C70 /* AppLoading.storyboard */ = {isa = PBXFileReference; fileEncoding = 4; lastKnownFileType = file.storyboard; path = AppLoading.storyboard; sourceTree = "<group>"; };
		7AF10F502058A47B00019C70 /* ProfileMenuVC.swift */ = {isa = PBXFileReference; fileEncoding = 4; lastKnownFileType = sourcecode.swift; path = ProfileMenuVC.swift; sourceTree = "<group>"; };
		7AF10F522058A48A00019C70 /* TutorialContainerVC.swift */ = {isa = PBXFileReference; fileEncoding = 4; lastKnownFileType = sourcecode.swift; path = TutorialContainerVC.swift; sourceTree = "<group>"; };
		7AF10F542058A49800019C70 /* CameraContainerVC.swift */ = {isa = PBXFileReference; fileEncoding = 4; lastKnownFileType = sourcecode.swift; path = CameraContainerVC.swift; sourceTree = "<group>"; };
		7AF10F562058DA7D00019C70 /* SnappingCollectionViewLayout.swift */ = {isa = PBXFileReference; fileEncoding = 4; lastKnownFileType = sourcecode.swift; path = SnappingCollectionViewLayout.swift; sourceTree = "<group>"; };
		7AF10F592059EEF500019C70 /* Sort.swift */ = {isa = PBXFileReference; lastKnownFileType = sourcecode.swift; path = Sort.swift; sourceTree = "<group>"; };
		7AF359492038CDE500713EA3 /* SettingsVC.swift */ = {isa = PBXFileReference; lastKnownFileType = sourcecode.swift; path = SettingsVC.swift; sourceTree = "<group>"; };
		7AF3594D2038FB6700713EA3 /* Username.swift */ = {isa = PBXFileReference; lastKnownFileType = sourcecode.swift; path = Username.swift; sourceTree = "<group>"; };
		9CD7EFB0164AE95822E97FC9 /* Pods_reCapUITests.framework */ = {isa = PBXFileReference; explicitFileType = wrapper.framework; includeInIndex = 0; path = Pods_reCapUITests.framework; sourceTree = BUILT_PRODUCTS_DIR; };
		9E55F61F0BAC3591F8A02BA9 /* Pods-reCapUITests.release.xcconfig */ = {isa = PBXFileReference; includeInIndex = 1; lastKnownFileType = text.xcconfig; name = "Pods-reCapUITests.release.xcconfig"; path = "Pods/Target Support Files/Pods-reCapUITests/Pods-reCapUITests.release.xcconfig"; sourceTree = "<group>"; };
		BA8DD26FBE17C9DE1FEA2661 /* Pods-reCapTests.release.xcconfig */ = {isa = PBXFileReference; includeInIndex = 1; lastKnownFileType = text.xcconfig; name = "Pods-reCapTests.release.xcconfig"; path = "Pods/Target Support Files/Pods-reCapTests/Pods-reCapTests.release.xcconfig"; sourceTree = "<group>"; };
		C0C6A1AA7E56B3B8DAD1F814 /* Pods_reCap.framework */ = {isa = PBXFileReference; explicitFileType = wrapper.framework; includeInIndex = 0; path = Pods_reCap.framework; sourceTree = BUILT_PRODUCTS_DIR; };
		FD711CD9070EBA00B0CC489C /* Pods-reCap.release.xcconfig */ = {isa = PBXFileReference; includeInIndex = 1; lastKnownFileType = text.xcconfig; name = "Pods-reCap.release.xcconfig"; path = "Pods/Target Support Files/Pods-reCap/Pods-reCap.release.xcconfig"; sourceTree = "<group>"; };
/* End PBXFileReference section */

/* Begin PBXFrameworksBuildPhase section */
		344C93E320226E280025E4C5 /* Frameworks */ = {
			isa = PBXFrameworksBuildPhase;
			buildActionMask = 2147483647;
			files = (
				4166566AA68139D9E70F183A /* Pods_reCap.framework in Frameworks */,
			);
			runOnlyForDeploymentPostprocessing = 0;
		};
		344C93FA20226E280025E4C5 /* Frameworks */ = {
			isa = PBXFrameworksBuildPhase;
			buildActionMask = 2147483647;
			files = (
				431B5E71E2A82C2D5591C9FD /* Pods_reCapTests.framework in Frameworks */,
			);
			runOnlyForDeploymentPostprocessing = 0;
		};
		344C940520226E280025E4C5 /* Frameworks */ = {
			isa = PBXFrameworksBuildPhase;
			buildActionMask = 2147483647;
			files = (
				3BD76B62D24CA017D72CCCDA /* Pods_reCapUITests.framework in Frameworks */,
			);
			runOnlyForDeploymentPostprocessing = 0;
		};
/* End PBXFrameworksBuildPhase section */

/* Begin PBXGroup section */
		0B19F7DA2FECE74EEB4F8F5B /* Pods */ = {
			isa = PBXGroup;
			children = (
				6E7F0BE298641A4C1885D691 /* Pods-reCap.debug.xcconfig */,
				FD711CD9070EBA00B0CC489C /* Pods-reCap.release.xcconfig */,
				33F49E39B3F66D85845EA247 /* Pods-reCapTests.debug.xcconfig */,
				BA8DD26FBE17C9DE1FEA2661 /* Pods-reCapTests.release.xcconfig */,
				0A2114EEAEABC1E493BE437E /* Pods-reCapUITests.debug.xcconfig */,
				9E55F61F0BAC3591F8A02BA9 /* Pods-reCapUITests.release.xcconfig */,
			);
			name = Pods;
			sourceTree = "<group>";
		};
		344C93DD20226E280025E4C5 = {
			isa = PBXGroup;
			children = (
				344C93E820226E280025E4C5 /* reCap */,
				344C940020226E280025E4C5 /* reCapTests */,
				344C940B20226E280025E4C5 /* reCapUITests */,
				344C93E720226E280025E4C5 /* Products */,
				0B19F7DA2FECE74EEB4F8F5B /* Pods */,
				C6FF080457583B7CA4FEF83E /* Frameworks */,
				7AB6A142203E698000933F30 /* Recovered References */,
			);
			sourceTree = "<group>";
		};
		344C93E720226E280025E4C5 /* Products */ = {
			isa = PBXGroup;
			children = (
				344C93E620226E280025E4C5 /* reCap.app */,
				344C93FD20226E280025E4C5 /* reCapTests.xctest */,
				344C940820226E280025E4C5 /* reCapUITests.xctest */,
			);
			name = Products;
			sourceTree = "<group>";
		};
		344C93E820226E280025E4C5 /* reCap */ = {
			isa = PBXGroup;
			children = (
				7AF10F582059EED500019C70 /* Sorting */,
				7A0162C8204E3D6D000539E0 /* Getter Classes */,
				7AE3755D2037C51D00CA9946 /* Custom Fonts */,
				7A5878462030D22600F36A56 /* Extensions.swift */,
				7A4D8A53202782DB0043878E /* Custom Objects */,
				7A4D8A50202782480043878E /* Database */,
				34A7ACA62027878E00ACFB12 /* Storyboards */,
				7A4D8A3820277DFF0043878E /* View Controllers */,
				344C93E920226E280025E4C5 /* AppDelegate.swift */,
				344C93F320226E280025E4C5 /* Assets.xcassets */,
				344C93F820226E280025E4C5 /* Info.plist */,
				344C93F020226E280025E4C5 /* reCap.xcdatamodeld */,
				3422D37E20226FE600570374 /* GoogleService-Info.plist */,
			);
			path = reCap;
			sourceTree = "<group>";
		};
		344C940020226E280025E4C5 /* reCapTests */ = {
			isa = PBXGroup;
			children = (
				344C940120226E280025E4C5 /* reCapTests.swift */,
				344C940320226E280025E4C5 /* Info.plist */,
			);
			path = reCapTests;
			sourceTree = "<group>";
		};
		344C940B20226E280025E4C5 /* reCapUITests */ = {
			isa = PBXGroup;
			children = (
				344C940C20226E280025E4C5 /* reCapUITests.swift */,
				344C940E20226E280025E4C5 /* Info.plist */,
			);
			path = reCapUITests;
			sourceTree = "<group>";
		};
		348591F8203A7942003E3704 /* Camera */ = {
			isa = PBXGroup;
			children = (
				7AF10F542058A49800019C70 /* CameraContainerVC.swift */,
				7AA8EE912055A5000043B73C /* ImageCreateVC.swift */,
				34F60575203FD24C001A74E4 /* ImageConfirmVC.swift */,
			);
			path = Camera;
			sourceTree = "<group>";
		};
		348591F9203A795D003E3704 /* Map */ = {
			isa = PBXGroup;
			children = (
				7A5358AF205B77DE0047F410 /* MapVC.swift */,
				7A4D8A432027801E0043878E /* NavigationVC.swift */,
				7A3C60122027BAE200ABC9E1 /* MapContainerVC.swift */,
			);
			path = Map;
			sourceTree = "<group>";
		};
		348591FA203A7971003E3704 /* Tutorial */ = {
			isa = PBXGroup;
			children = (
				7A5358A9205B6EE00047F410 /* CustomPage.swift */,
				7A5358AA205B6EE00047F410 /* TutorialTransitionVC.swift */,
				7A5358AB205B6EE10047F410 /* TutorialWelcomeVC.swift */,
				7AF10F522058A48A00019C70 /* TutorialContainerVC.swift */,
				34B359A520583F940093D02C /* CustomOverlay.swift */,
				34B359A820583F9A0093D02C /* CustomOverlay.xib */,
				34B359A720583F980093D02C /* CustomPage.xib */,
			);
			path = Tutorial;
			sourceTree = "<group>";
		};
		34A7ACA62027878E00ACFB12 /* Storyboards */ = {
			isa = PBXGroup;
			children = (
				7AF10F4E2058A46C00019C70 /* AppLoading.storyboard */,
				7A120DC6203E6EB10003EE1F /* Tutorial.storyboard */,
				7A120DC2203E6BBB0003EE1F /* Profile.storyboard */,
				7AE3755E2037C56000CA9946 /* Launch Screen.storyboard */,
				7A3B468D202AB407001D19B6 /* SignIn.storyboard */,
				7A58785D20310A0100F36A56 /* CreateAccount.storyboard */,
				7A3C60102027B99A00ABC9E1 /* PageView.storyboard */,
				344C93ED20226E280025E4C5 /* Main.storyboard */,
				34A7ACB32027A4EB00ACFB12 /* Map.storyboard */,
				34A7ACB52027A4F500ACFB12 /* Camera.storyboard */,
				7A38A278202AB57600DF239F /* PhotoLibChallenge.storyboard */,
				34A7ACB72027A51700ACFB12 /* LeaderboardsFriends.storyboard */,
				7ABF80CD203A63F800BCE787 /* Settings.storyboard */,
				7ABF80CF203A64D300BCE787 /* Photo.storyboard */,
				7AA8EE8B2054AD3F0043B73C /* ChallengeView.storyboard */,
			);
			path = Storyboards;
			sourceTree = "<group>";
		};
		34A7ACAA2027886800ACFB12 /* PageViewControllers */ = {
			isa = PBXGroup;
			children = (
				34A7ACA7202787DA00ACFB12 /* PageViewController.swift */,
			);
			path = PageViewControllers;
			sourceTree = "<group>";
		};
		7A0162C8204E3D6D000539E0 /* Getter Classes */ = {
			isa = PBXGroup;
			children = (
				7A0162C9204E3D91000539E0 /* DateGetter.swift */,
			);
			path = "Getter Classes";
			sourceTree = "<group>";
		};
		7A0162CD204E4C5A000539E0 /* Challenge */ = {
			isa = PBXGroup;
			children = (
				347B20FD2058C935001B72A0 /* ChallengeViewVC.swift */,
			);
			path = Challenge;
			sourceTree = "<group>";
		};
		7A38A273202AB54800DF239F /* PhotoLibChallenge */ = {
			isa = PBXGroup;
			children = (
				7A5358B3205C8ACB0047F410 /* PhotoLibChallengeVC.swift */,
				7A120DD02041F4B50003EE1F /* ImageButtonDelegate.swift */,
				7A120DCE2041F0560003EE1F /* PhotoChalColCell.swift */,
				7A38A274202AB56100DF239F /* PhotoChallengeTableCell.swift */,
			);
			path = PhotoLibChallenge;
			sourceTree = "<group>";
		};
		7A4D8A3820277DFF0043878E /* View Controllers */ = {
			isa = PBXGroup;
			children = (
				7A3C5537207AFDDD009A8036 /* HorizontalDial.swift */,
				7A5358A3205ADF150047F410 /* AppLoadingVC.swift */,
				7AF10F502058A47B00019C70 /* ProfileMenuVC.swift */,
				7AF359492038CDE500713EA3 /* SettingsVC.swift */,
				7A0162CD204E4C5A000539E0 /* Challenge */,
				348591FA203A7971003E3704 /* Tutorial */,
				348591F9203A795D003E3704 /* Map */,
				348591F8203A7942003E3704 /* Camera */,
				7A38A273202AB54800DF239F /* PhotoLibChallenge */,
				34A7ACAA2027886800ACFB12 /* PageViewControllers */,
				7A4D8A4B202781A80043878E /* Reusable */,
				345FB83820363BE300C59FDB /* SignInVC.swift */,
				7A4D8A3920277E4F0043878E /* CreateAccountVC.swift */,
				347A06A3202A14BB00961024 /* SignInTransitionVC.swift */,
				7A4D8A492027818A0043878E /* ProfileSettingsVC.swift */,
				7AE375682037C8E100CA9946 /* LeaderboardFriends */,
			);
			path = "View Controllers";
			sourceTree = "<group>";
		};
		7A4D8A4B202781A80043878E /* Reusable */ = {
			isa = PBXGroup;
			children = (
				7AF10F562058DA7D00019C70 /* SnappingCollectionViewLayout.swift */,
				7A120DD22041F7A70003EE1F /* PhotoVC.swift */,
			);
			path = Reusable;
			sourceTree = "<group>";
		};
		7A4D8A50202782480043878E /* Database */ = {
			isa = PBXGroup;
			children = (
				7A494E5E208D48EB00A72AA8 /* RealmHelper.swift */,
				7AE375662037C6D900CA9946 /* FBDatabase.swift */,
				7A3C5539207B029D009A8036 /* RealmConstants.swift */,
			);
			path = Database;
			sourceTree = "<group>";
		};
		7A4D8A53202782DB0043878E /* Custom Objects */ = {
			isa = PBXGroup;
			children = (
				7A3B468B202AB3FC001D19B6 /* EdgeShadowLayer.swift */,
				7AF3594D2038FB6700713EA3 /* Username.swift */,
				7A011EA62083FD8700A0EE99 /* User.swift */,
				7A3C553B207B0949009A8036 /* UserData.swift */,
				7A3C553D207B1082009A8036 /* PictureData.swift */,
			);
			path = "Custom Objects";
			sourceTree = "<group>";
		};
		7AB6A142203E698000933F30 /* Recovered References */ = {
			isa = PBXGroup;
			children = (
				348591F6203A23C4003E3704 /* Tutorial.storyboard */,
				7AB6A13E203E68EA00933F30 /* ImageConfirmVC.swift */,
				7AB6A140203E68F700933F30 /* ImageCreateVC.swift */,
			);
			name = "Recovered References";
			sourceTree = "<group>";
		};
		7AE3755D2037C51D00CA9946 /* Custom Fonts */ = {
			isa = PBXGroup;
			children = (
				7A5878492030D25900F36A56 /* triomphe-bold-autoinstr.ttf */,
				7A58784D2030D25900F36A56 /* triomphe-bold-italic-autoinstr.ttf */,
				7A58784B2030D25900F36A56 /* triomphe-italic-autoinstr.ttf */,
				7A58784A2030D25900F36A56 /* triomphe-light-autoinstr.ttf */,
				7A58784C2030D25900F36A56 /* triomphe-light-italic-autoinstr.ttf */,
				7A58784E2030D25900F36A56 /* triomphe-regular-autoinstr.ttf */,
			);
			path = "Custom Fonts";
			sourceTree = "<group>";
		};
		7AE375682037C8E100CA9946 /* LeaderboardFriends */ = {
			isa = PBXGroup;
			children = (
				7A5358A7205B6E670047F410 /* LeaderboardsFriendsVC.swift */,
				7AE3756A2037C8E100CA9946 /* LeaderboardFriendsTableCell.swift */,
			);
			path = LeaderboardFriends;
			sourceTree = "<group>";
		};
		7AF10F582059EED500019C70 /* Sorting */ = {
			isa = PBXGroup;
			children = (
				7AF10F592059EEF500019C70 /* Sort.swift */,
			);
			path = Sorting;
			sourceTree = "<group>";
		};
		C6FF080457583B7CA4FEF83E /* Frameworks */ = {
			isa = PBXGroup;
			children = (
				C0C6A1AA7E56B3B8DAD1F814 /* Pods_reCap.framework */,
				0A855F58760B4E1DE5F6226D /* Pods_reCapTests.framework */,
				9CD7EFB0164AE95822E97FC9 /* Pods_reCapUITests.framework */,
			);
			name = Frameworks;
			sourceTree = "<group>";
		};
/* End PBXGroup section */

/* Begin PBXNativeTarget section */
		344C93E520226E280025E4C5 /* reCap */ = {
			isa = PBXNativeTarget;
			buildConfigurationList = 344C941120226E280025E4C5 /* Build configuration list for PBXNativeTarget "reCap" */;
			buildPhases = (
				3F5F6AD7F5875CE95513C6EA /* [CP] Check Pods Manifest.lock */,
				344C93E220226E280025E4C5 /* Sources */,
				344C93E320226E280025E4C5 /* Frameworks */,
				344C93E420226E280025E4C5 /* Resources */,
				094BF00E2C04316FA0C1E2DF /* [CP] Embed Pods Frameworks */,
				811157CAD810DBB70092237A /* [CP] Copy Pods Resources */,
			);
			buildRules = (
			);
			dependencies = (
			);
			name = reCap;
			productName = reCap;
			productReference = 344C93E620226E280025E4C5 /* reCap.app */;
			productType = "com.apple.product-type.application";
		};
		344C93FC20226E280025E4C5 /* reCapTests */ = {
			isa = PBXNativeTarget;
			buildConfigurationList = 344C941420226E280025E4C5 /* Build configuration list for PBXNativeTarget "reCapTests" */;
			buildPhases = (
				0C1846D35379BB36B6C9BF34 /* [CP] Check Pods Manifest.lock */,
				344C93F920226E280025E4C5 /* Sources */,
				344C93FA20226E280025E4C5 /* Frameworks */,
				344C93FB20226E280025E4C5 /* Resources */,
				145F8A2185A7E8BD8703FA20 /* [CP] Embed Pods Frameworks */,
				5E136DB4A5884E9512F87B93 /* [CP] Copy Pods Resources */,
			);
			buildRules = (
			);
			dependencies = (
				344C93FF20226E280025E4C5 /* PBXTargetDependency */,
			);
			name = reCapTests;
			productName = reCapTests;
			productReference = 344C93FD20226E280025E4C5 /* reCapTests.xctest */;
			productType = "com.apple.product-type.bundle.unit-test";
		};
		344C940720226E280025E4C5 /* reCapUITests */ = {
			isa = PBXNativeTarget;
			buildConfigurationList = 344C941720226E280025E4C5 /* Build configuration list for PBXNativeTarget "reCapUITests" */;
			buildPhases = (
				F5AD435BC0DFA58D41751021 /* [CP] Check Pods Manifest.lock */,
				344C940420226E280025E4C5 /* Sources */,
				344C940520226E280025E4C5 /* Frameworks */,
				344C940620226E280025E4C5 /* Resources */,
				6C05FF5C38FD85EE5933F026 /* [CP] Embed Pods Frameworks */,
				7C5DA64E107D7EA86232193B /* [CP] Copy Pods Resources */,
			);
			buildRules = (
			);
			dependencies = (
				344C940A20226E280025E4C5 /* PBXTargetDependency */,
			);
			name = reCapUITests;
			productName = reCapUITests;
			productReference = 344C940820226E280025E4C5 /* reCapUITests.xctest */;
			productType = "com.apple.product-type.bundle.ui-testing";
		};
/* End PBXNativeTarget section */

/* Begin PBXProject section */
		344C93DE20226E280025E4C5 /* Project object */ = {
			isa = PBXProject;
			attributes = {
				LastSwiftUpdateCheck = 0920;
				LastUpgradeCheck = 0920;
				ORGANIZATIONNAME = "Kaleb Cooper";
				TargetAttributes = {
					344C93E520226E280025E4C5 = {
						CreatedOnToolsVersion = 9.2;
						ProvisioningStyle = Automatic;
					};
					344C93FC20226E280025E4C5 = {
						CreatedOnToolsVersion = 9.2;
						ProvisioningStyle = Automatic;
						TestTargetID = 344C93E520226E280025E4C5;
					};
					344C940720226E280025E4C5 = {
						CreatedOnToolsVersion = 9.2;
						ProvisioningStyle = Automatic;
						TestTargetID = 344C93E520226E280025E4C5;
					};
				};
			};
			buildConfigurationList = 344C93E120226E280025E4C5 /* Build configuration list for PBXProject "reCap" */;
			compatibilityVersion = "Xcode 8.0";
			developmentRegion = en;
			hasScannedForEncodings = 0;
			knownRegions = (
				en,
				Base,
			);
			mainGroup = 344C93DD20226E280025E4C5;
			productRefGroup = 344C93E720226E280025E4C5 /* Products */;
			projectDirPath = "";
			projectRoot = "";
			targets = (
				344C93E520226E280025E4C5 /* reCap */,
				344C93FC20226E280025E4C5 /* reCapTests */,
				344C940720226E280025E4C5 /* reCapUITests */,
			);
		};
/* End PBXProject section */

/* Begin PBXResourcesBuildPhase section */
		344C93E420226E280025E4C5 /* Resources */ = {
			isa = PBXResourcesBuildPhase;
			buildActionMask = 2147483647;
			files = (
				7A5878522030D25900F36A56 /* triomphe-light-italic-autoinstr.ttf in Resources */,
				7A5878532030D25900F36A56 /* triomphe-bold-italic-autoinstr.ttf in Resources */,
				34A7ACB82027A51700ACFB12 /* LeaderboardsFriends.storyboard in Resources */,
				7A38A279202AB57600DF239F /* PhotoLibChallenge.storyboard in Resources */,
				7A5878542030D25900F36A56 /* triomphe-regular-autoinstr.ttf in Resources */,
				34B359AC20583F9B0093D02C /* CustomOverlay.xib in Resources */,
				7A3C60112027B99A00ABC9E1 /* PageView.storyboard in Resources */,
				34B359AB20583F9B0093D02C /* CustomPage.xib in Resources */,
				7AF10F4F2058A46C00019C70 /* AppLoading.storyboard in Resources */,
				7A120DC3203E6BBB0003EE1F /* Profile.storyboard in Resources */,
				34A7ACB62027A4F500ACFB12 /* Camera.storyboard in Resources */,
				7A3B468E202AB407001D19B6 /* SignIn.storyboard in Resources */,
				7AE3755F2037C56000CA9946 /* Launch Screen.storyboard in Resources */,
				7A58785E20310A0100F36A56 /* CreateAccount.storyboard in Resources */,
				34A7ACB42027A4EB00ACFB12 /* Map.storyboard in Resources */,
				7AA8EE8C2054AD3F0043B73C /* ChallengeView.storyboard in Resources */,
				3422D37F20226FE600570374 /* GoogleService-Info.plist in Resources */,
				7A5878502030D25900F36A56 /* triomphe-light-autoinstr.ttf in Resources */,
				7ABF80D0203A64D300BCE787 /* Photo.storyboard in Resources */,
				344C93F420226E280025E4C5 /* Assets.xcassets in Resources */,
				344C93EF20226E280025E4C5 /* Main.storyboard in Resources */,
				7A5878512030D25900F36A56 /* triomphe-italic-autoinstr.ttf in Resources */,
				7A58784F2030D25900F36A56 /* triomphe-bold-autoinstr.ttf in Resources */,
				7A120DC7203E6EB10003EE1F /* Tutorial.storyboard in Resources */,
				7ABF80CE203A63F800BCE787 /* Settings.storyboard in Resources */,
			);
			runOnlyForDeploymentPostprocessing = 0;
		};
		344C93FB20226E280025E4C5 /* Resources */ = {
			isa = PBXResourcesBuildPhase;
			buildActionMask = 2147483647;
			files = (
			);
			runOnlyForDeploymentPostprocessing = 0;
		};
		344C940620226E280025E4C5 /* Resources */ = {
			isa = PBXResourcesBuildPhase;
			buildActionMask = 2147483647;
			files = (
			);
			runOnlyForDeploymentPostprocessing = 0;
		};
/* End PBXResourcesBuildPhase section */

/* Begin PBXShellScriptBuildPhase section */
		094BF00E2C04316FA0C1E2DF /* [CP] Embed Pods Frameworks */ = {
			isa = PBXShellScriptBuildPhase;
			buildActionMask = 2147483647;
			files = (
			);
			inputPaths = (
				"${SRCROOT}/Pods/Target Support Files/Pods-reCap/Pods-reCap-frameworks.sh",
				"${BUILT_PRODUCTS_DIR}/ClusterKit/ClusterKit.framework",
				"${BUILT_PRODUCTS_DIR}/FCAlertView/FCAlertView.framework",
				"${BUILT_PRODUCTS_DIR}/GTMSessionFetcher/GTMSessionFetcher.framework",
				"${BUILT_PRODUCTS_DIR}/GoogleToolboxForMac/GoogleToolboxForMac.framework",
				"${BUILT_PRODUCTS_DIR}/Hero/Hero.framework",
				"${BUILT_PRODUCTS_DIR}/IHKeyboardAvoiding/IHKeyboardAvoiding.framework",
				"${PODS_ROOT}/Mapbox-iOS-SDK/dynamic/Mapbox.framework",
				"${PODS_ROOT}/Mapbox-iOS-SDK/dynamic/Mapbox.framework.dSYM",
				"${BUILT_PRODUCTS_DIR}/MapboxCoreNavigation/MapboxCoreNavigation.framework",
				"${BUILT_PRODUCTS_DIR}/MapboxDirections.swift/MapboxDirections.framework",
				"${BUILT_PRODUCTS_DIR}/MapboxGeocoder.swift/MapboxGeocoder.framework",
				"${BUILT_PRODUCTS_DIR}/MapboxMobileEvents/MapboxMobileEvents.framework",
				"${BUILT_PRODUCTS_DIR}/MapboxNavigation/MapboxNavigation.framework",
				"${BUILT_PRODUCTS_DIR}/MapboxSpeech/MapboxSpeech.framework",
				"${BUILT_PRODUCTS_DIR}/Pageboy/Pageboy.framework",
				"${BUILT_PRODUCTS_DIR}/Polyline/Polyline.framework",
				"${BUILT_PRODUCTS_DIR}/Realm/Realm.framework",
				"${BUILT_PRODUCTS_DIR}/RealmSwift/RealmSwift.framework",
				"${BUILT_PRODUCTS_DIR}/SkyFloatingLabelTextField/SkyFloatingLabelTextField.framework",
				"${BUILT_PRODUCTS_DIR}/Solar/Solar.framework",
				"${BUILT_PRODUCTS_DIR}/SwiftLocation/SwiftLocation.framework",
				"${BUILT_PRODUCTS_DIR}/SwiftyJSON/SwiftyJSON.framework",
				"${BUILT_PRODUCTS_DIR}/SwiftyOnboard/SwiftyOnboard.framework",
				"${BUILT_PRODUCTS_DIR}/Turf/Turf.framework",
				"${BUILT_PRODUCTS_DIR}/leveldb-library/leveldb.framework",
				"${BUILT_PRODUCTS_DIR}/nanopb/nanopb.framework",
			);
			name = "[CP] Embed Pods Frameworks";
			outputPaths = (
				"${TARGET_BUILD_DIR}/${FRAMEWORKS_FOLDER_PATH}/ClusterKit.framework",
				"${TARGET_BUILD_DIR}/${FRAMEWORKS_FOLDER_PATH}/FCAlertView.framework",
				"${TARGET_BUILD_DIR}/${FRAMEWORKS_FOLDER_PATH}/GTMSessionFetcher.framework",
				"${TARGET_BUILD_DIR}/${FRAMEWORKS_FOLDER_PATH}/GoogleToolboxForMac.framework",
				"${TARGET_BUILD_DIR}/${FRAMEWORKS_FOLDER_PATH}/Hero.framework",
				"${TARGET_BUILD_DIR}/${FRAMEWORKS_FOLDER_PATH}/IHKeyboardAvoiding.framework",
				"${TARGET_BUILD_DIR}/${FRAMEWORKS_FOLDER_PATH}/Mapbox.framework",
				"${DWARF_DSYM_FOLDER_PATH}/Mapbox.framework.dSYM",
				"${TARGET_BUILD_DIR}/${FRAMEWORKS_FOLDER_PATH}/MapboxCoreNavigation.framework",
				"${TARGET_BUILD_DIR}/${FRAMEWORKS_FOLDER_PATH}/MapboxDirections.framework",
				"${TARGET_BUILD_DIR}/${FRAMEWORKS_FOLDER_PATH}/MapboxGeocoder.framework",
				"${TARGET_BUILD_DIR}/${FRAMEWORKS_FOLDER_PATH}/MapboxMobileEvents.framework",
				"${TARGET_BUILD_DIR}/${FRAMEWORKS_FOLDER_PATH}/MapboxNavigation.framework",
				"${TARGET_BUILD_DIR}/${FRAMEWORKS_FOLDER_PATH}/MapboxSpeech.framework",
				"${TARGET_BUILD_DIR}/${FRAMEWORKS_FOLDER_PATH}/Pageboy.framework",
				"${TARGET_BUILD_DIR}/${FRAMEWORKS_FOLDER_PATH}/Polyline.framework",
				"${TARGET_BUILD_DIR}/${FRAMEWORKS_FOLDER_PATH}/Realm.framework",
				"${TARGET_BUILD_DIR}/${FRAMEWORKS_FOLDER_PATH}/RealmSwift.framework",
				"${TARGET_BUILD_DIR}/${FRAMEWORKS_FOLDER_PATH}/SkyFloatingLabelTextField.framework",
				"${TARGET_BUILD_DIR}/${FRAMEWORKS_FOLDER_PATH}/Solar.framework",
				"${TARGET_BUILD_DIR}/${FRAMEWORKS_FOLDER_PATH}/SwiftLocation.framework",
				"${TARGET_BUILD_DIR}/${FRAMEWORKS_FOLDER_PATH}/SwiftyJSON.framework",
				"${TARGET_BUILD_DIR}/${FRAMEWORKS_FOLDER_PATH}/SwiftyOnboard.framework",
				"${TARGET_BUILD_DIR}/${FRAMEWORKS_FOLDER_PATH}/Turf.framework",
				"${TARGET_BUILD_DIR}/${FRAMEWORKS_FOLDER_PATH}/leveldb.framework",
				"${TARGET_BUILD_DIR}/${FRAMEWORKS_FOLDER_PATH}/nanopb.framework",
			);
			runOnlyForDeploymentPostprocessing = 0;
			shellPath = /bin/sh;
			shellScript = "\"${SRCROOT}/Pods/Target Support Files/Pods-reCap/Pods-reCap-frameworks.sh\"\n";
			showEnvVarsInLog = 0;
		};
		0C1846D35379BB36B6C9BF34 /* [CP] Check Pods Manifest.lock */ = {
			isa = PBXShellScriptBuildPhase;
			buildActionMask = 2147483647;
			files = (
			);
			inputPaths = (
				"${PODS_PODFILE_DIR_PATH}/Podfile.lock",
				"${PODS_ROOT}/Manifest.lock",
			);
			name = "[CP] Check Pods Manifest.lock";
			outputPaths = (
				"$(DERIVED_FILE_DIR)/Pods-reCapTests-checkManifestLockResult.txt",
			);
			runOnlyForDeploymentPostprocessing = 0;
			shellPath = /bin/sh;
			shellScript = "diff \"${PODS_PODFILE_DIR_PATH}/Podfile.lock\" \"${PODS_ROOT}/Manifest.lock\" > /dev/null\nif [ $? != 0 ] ; then\n    # print error to STDERR\n    echo \"error: The sandbox is not in sync with the Podfile.lock. Run 'pod install' or update your CocoaPods installation.\" >&2\n    exit 1\nfi\n# This output is used by Xcode 'outputs' to avoid re-running this script phase.\necho \"SUCCESS\" > \"${SCRIPT_OUTPUT_FILE_0}\"\n";
			showEnvVarsInLog = 0;
		};
		145F8A2185A7E8BD8703FA20 /* [CP] Embed Pods Frameworks */ = {
			isa = PBXShellScriptBuildPhase;
			buildActionMask = 2147483647;
			files = (
			);
			inputPaths = (
			);
			name = "[CP] Embed Pods Frameworks";
			outputPaths = (
			);
			runOnlyForDeploymentPostprocessing = 0;
			shellPath = /bin/sh;
			shellScript = "\"${SRCROOT}/Pods/Target Support Files/Pods-reCapTests/Pods-reCapTests-frameworks.sh\"\n";
			showEnvVarsInLog = 0;
		};
		3F5F6AD7F5875CE95513C6EA /* [CP] Check Pods Manifest.lock */ = {
			isa = PBXShellScriptBuildPhase;
			buildActionMask = 2147483647;
			files = (
			);
			inputPaths = (
				"${PODS_PODFILE_DIR_PATH}/Podfile.lock",
				"${PODS_ROOT}/Manifest.lock",
			);
			name = "[CP] Check Pods Manifest.lock";
			outputPaths = (
				"$(DERIVED_FILE_DIR)/Pods-reCap-checkManifestLockResult.txt",
			);
			runOnlyForDeploymentPostprocessing = 0;
			shellPath = /bin/sh;
			shellScript = "diff \"${PODS_PODFILE_DIR_PATH}/Podfile.lock\" \"${PODS_ROOT}/Manifest.lock\" > /dev/null\nif [ $? != 0 ] ; then\n    # print error to STDERR\n    echo \"error: The sandbox is not in sync with the Podfile.lock. Run 'pod install' or update your CocoaPods installation.\" >&2\n    exit 1\nfi\n# This output is used by Xcode 'outputs' to avoid re-running this script phase.\necho \"SUCCESS\" > \"${SCRIPT_OUTPUT_FILE_0}\"\n";
			showEnvVarsInLog = 0;
		};
		5E136DB4A5884E9512F87B93 /* [CP] Copy Pods Resources */ = {
			isa = PBXShellScriptBuildPhase;
			buildActionMask = 2147483647;
			files = (
			);
			inputPaths = (
			);
			name = "[CP] Copy Pods Resources";
			outputPaths = (
			);
			runOnlyForDeploymentPostprocessing = 0;
			shellPath = /bin/sh;
			shellScript = "\"${SRCROOT}/Pods/Target Support Files/Pods-reCapTests/Pods-reCapTests-resources.sh\"\n";
			showEnvVarsInLog = 0;
		};
		6C05FF5C38FD85EE5933F026 /* [CP] Embed Pods Frameworks */ = {
			isa = PBXShellScriptBuildPhase;
			buildActionMask = 2147483647;
			files = (
			);
			inputPaths = (
			);
			name = "[CP] Embed Pods Frameworks";
			outputPaths = (
			);
			runOnlyForDeploymentPostprocessing = 0;
			shellPath = /bin/sh;
			shellScript = "\"${SRCROOT}/Pods/Target Support Files/Pods-reCapUITests/Pods-reCapUITests-frameworks.sh\"\n";
			showEnvVarsInLog = 0;
		};
		7C5DA64E107D7EA86232193B /* [CP] Copy Pods Resources */ = {
			isa = PBXShellScriptBuildPhase;
			buildActionMask = 2147483647;
			files = (
			);
			inputPaths = (
			);
			name = "[CP] Copy Pods Resources";
			outputPaths = (
			);
			runOnlyForDeploymentPostprocessing = 0;
			shellPath = /bin/sh;
			shellScript = "\"${SRCROOT}/Pods/Target Support Files/Pods-reCapUITests/Pods-reCapUITests-resources.sh\"\n";
			showEnvVarsInLog = 0;
		};
		811157CAD810DBB70092237A /* [CP] Copy Pods Resources */ = {
			isa = PBXShellScriptBuildPhase;
			buildActionMask = 2147483647;
			files = (
			);
			inputPaths = (
			);
			name = "[CP] Copy Pods Resources";
			outputPaths = (
			);
			runOnlyForDeploymentPostprocessing = 0;
			shellPath = /bin/sh;
			shellScript = "\"${SRCROOT}/Pods/Target Support Files/Pods-reCap/Pods-reCap-resources.sh\"\n";
			showEnvVarsInLog = 0;
		};
		F5AD435BC0DFA58D41751021 /* [CP] Check Pods Manifest.lock */ = {
			isa = PBXShellScriptBuildPhase;
			buildActionMask = 2147483647;
			files = (
			);
			inputPaths = (
				"${PODS_PODFILE_DIR_PATH}/Podfile.lock",
				"${PODS_ROOT}/Manifest.lock",
			);
			name = "[CP] Check Pods Manifest.lock";
			outputPaths = (
				"$(DERIVED_FILE_DIR)/Pods-reCapUITests-checkManifestLockResult.txt",
			);
			runOnlyForDeploymentPostprocessing = 0;
			shellPath = /bin/sh;
			shellScript = "diff \"${PODS_PODFILE_DIR_PATH}/Podfile.lock\" \"${PODS_ROOT}/Manifest.lock\" > /dev/null\nif [ $? != 0 ] ; then\n    # print error to STDERR\n    echo \"error: The sandbox is not in sync with the Podfile.lock. Run 'pod install' or update your CocoaPods installation.\" >&2\n    exit 1\nfi\n# This output is used by Xcode 'outputs' to avoid re-running this script phase.\necho \"SUCCESS\" > \"${SCRIPT_OUTPUT_FILE_0}\"\n";
			showEnvVarsInLog = 0;
		};
/* End PBXShellScriptBuildPhase section */

/* Begin PBXSourcesBuildPhase section */
		344C93E220226E280025E4C5 /* Sources */ = {
			isa = PBXSourcesBuildPhase;
			buildActionMask = 2147483647;
			files = (
				7A5878472030D22700F36A56 /* Extensions.swift in Sources */,
				7A120DD12041F4B50003EE1F /* ImageButtonDelegate.swift in Sources */,
				7A3C5538207AFDDD009A8036 /* HorizontalDial.swift in Sources */,
				345FB83920363BE300C59FDB /* SignInVC.swift in Sources */,
				7A5358B0205B77DE0047F410 /* MapVC.swift in Sources */,
				347B20FE2058C935001B72A0 /* ChallengeViewVC.swift in Sources */,
				344C93F220226E280025E4C5 /* reCap.xcdatamodeld in Sources */,
				34F60577203FD24C001A74E4 /* ImageConfirmVC.swift in Sources */,
				7A4D8A442027801E0043878E /* NavigationVC.swift in Sources */,
				7A5358A8205B6E680047F410 /* LeaderboardsFriendsVC.swift in Sources */,
				7A4D8A4A2027818A0043878E /* ProfileSettingsVC.swift in Sources */,
				7AA8EE922055A5000043B73C /* ImageCreateVC.swift in Sources */,
				7A120DCF2041F0570003EE1F /* PhotoChalColCell.swift in Sources */,
				7A0162CA204E3D91000539E0 /* DateGetter.swift in Sources */,
				347A06A4202A14BB00961024 /* SignInTransitionVC.swift in Sources */,
				34B359A920583F9B0093D02C /* CustomOverlay.swift in Sources */,
				7A3C553E207B1082009A8036 /* PictureData.swift in Sources */,
				7AF3594A2038CDE500713EA3 /* SettingsVC.swift in Sources */,
				7AF10F5A2059EEF500019C70 /* Sort.swift in Sources */,
				7A5358A4205ADF150047F410 /* AppLoadingVC.swift in Sources */,
				7AE3756C2037C8E100CA9946 /* LeaderboardFriendsTableCell.swift in Sources */,
				7AF10F572058DA7D00019C70 /* SnappingCollectionViewLayout.swift in Sources */,
				7A3C60132027BAE300ABC9E1 /* MapContainerVC.swift in Sources */,
				7A5358B4205C8ACB0047F410 /* PhotoLibChallengeVC.swift in Sources */,
				7A38A275202AB56100DF239F /* PhotoChallengeTableCell.swift in Sources */,
				7A3B468C202AB3FC001D19B6 /* EdgeShadowLayer.swift in Sources */,
				7AF10F512058A47B00019C70 /* ProfileMenuVC.swift in Sources */,
				7A494E5F208D48EB00A72AA8 /* RealmHelper.swift in Sources */,
				7AF10F532058A48B00019C70 /* TutorialContainerVC.swift in Sources */,
				7A3C553C207B0949009A8036 /* UserData.swift in Sources */,
				7AE375672037C6DA00CA9946 /* FBDatabase.swift in Sources */,
				7A5358AD205B6EE10047F410 /* TutorialTransitionVC.swift in Sources */,
				7AF3594E2038FB6700713EA3 /* Username.swift in Sources */,
				7A3C553A207B029D009A8036 /* RealmConstants.swift in Sources */,
				7A4D8A3A20277E4F0043878E /* CreateAccountVC.swift in Sources */,
				7AF10F552058A49800019C70 /* CameraContainerVC.swift in Sources */,
				7A5358AE205B6EE10047F410 /* TutorialWelcomeVC.swift in Sources */,
				34A7ACA8202787DA00ACFB12 /* PageViewController.swift in Sources */,
				7A5358AC205B6EE10047F410 /* CustomPage.swift in Sources */,
				7A011EA72083FD8700A0EE99 /* User.swift in Sources */,
				344C93EA20226E280025E4C5 /* AppDelegate.swift in Sources */,
				7A120DD32041F7A70003EE1F /* PhotoVC.swift in Sources */,
			);
			runOnlyForDeploymentPostprocessing = 0;
		};
		344C93F920226E280025E4C5 /* Sources */ = {
			isa = PBXSourcesBuildPhase;
			buildActionMask = 2147483647;
			files = (
				344C940220226E280025E4C5 /* reCapTests.swift in Sources */,
			);
			runOnlyForDeploymentPostprocessing = 0;
		};
		344C940420226E280025E4C5 /* Sources */ = {
			isa = PBXSourcesBuildPhase;
			buildActionMask = 2147483647;
			files = (
				344C940D20226E280025E4C5 /* reCapUITests.swift in Sources */,
			);
			runOnlyForDeploymentPostprocessing = 0;
		};
/* End PBXSourcesBuildPhase section */

/* Begin PBXTargetDependency section */
		344C93FF20226E280025E4C5 /* PBXTargetDependency */ = {
			isa = PBXTargetDependency;
			target = 344C93E520226E280025E4C5 /* reCap */;
			targetProxy = 344C93FE20226E280025E4C5 /* PBXContainerItemProxy */;
		};
		344C940A20226E280025E4C5 /* PBXTargetDependency */ = {
			isa = PBXTargetDependency;
			target = 344C93E520226E280025E4C5 /* reCap */;
			targetProxy = 344C940920226E280025E4C5 /* PBXContainerItemProxy */;
		};
/* End PBXTargetDependency section */

/* Begin PBXVariantGroup section */
		344C93ED20226E280025E4C5 /* Main.storyboard */ = {
			isa = PBXVariantGroup;
			children = (
				344C93EE20226E280025E4C5 /* Base */,
			);
			name = Main.storyboard;
			sourceTree = "<group>";
		};
/* End PBXVariantGroup section */

/* Begin XCBuildConfiguration section */
		344C940F20226E280025E4C5 /* Debug */ = {
			isa = XCBuildConfiguration;
			buildSettings = {
				ALWAYS_SEARCH_USER_PATHS = NO;
				CLANG_ANALYZER_NONNULL = YES;
				CLANG_ANALYZER_NUMBER_OBJECT_CONVERSION = YES_AGGRESSIVE;
				CLANG_CXX_LANGUAGE_STANDARD = "gnu++14";
				CLANG_CXX_LIBRARY = "libc++";
				CLANG_ENABLE_MODULES = YES;
				CLANG_ENABLE_OBJC_ARC = YES;
				CLANG_WARN_BLOCK_CAPTURE_AUTORELEASING = YES;
				CLANG_WARN_BOOL_CONVERSION = YES;
				CLANG_WARN_COMMA = YES;
				CLANG_WARN_CONSTANT_CONVERSION = YES;
				CLANG_WARN_DIRECT_OBJC_ISA_USAGE = YES_ERROR;
				CLANG_WARN_DOCUMENTATION_COMMENTS = YES;
				CLANG_WARN_EMPTY_BODY = YES;
				CLANG_WARN_ENUM_CONVERSION = YES;
				CLANG_WARN_INFINITE_RECURSION = YES;
				CLANG_WARN_INT_CONVERSION = YES;
				CLANG_WARN_NON_LITERAL_NULL_CONVERSION = YES;
				CLANG_WARN_OBJC_LITERAL_CONVERSION = YES;
				CLANG_WARN_OBJC_ROOT_CLASS = YES_ERROR;
				CLANG_WARN_RANGE_LOOP_ANALYSIS = YES;
				CLANG_WARN_STRICT_PROTOTYPES = YES;
				CLANG_WARN_SUSPICIOUS_MOVE = YES;
				CLANG_WARN_UNGUARDED_AVAILABILITY = YES_AGGRESSIVE;
				CLANG_WARN_UNREACHABLE_CODE = YES;
				CLANG_WARN__DUPLICATE_METHOD_MATCH = YES;
				CODE_SIGN_IDENTITY = "iPhone Developer";
				COPY_PHASE_STRIP = NO;
				DEBUG_INFORMATION_FORMAT = dwarf;
				ENABLE_STRICT_OBJC_MSGSEND = YES;
				ENABLE_TESTABILITY = YES;
				GCC_C_LANGUAGE_STANDARD = gnu11;
				GCC_DYNAMIC_NO_PIC = NO;
				GCC_NO_COMMON_BLOCKS = YES;
				GCC_OPTIMIZATION_LEVEL = 0;
				GCC_PREPROCESSOR_DEFINITIONS = (
					"DEBUG=1",
					"$(inherited)",
				);
				GCC_WARN_64_TO_32_BIT_CONVERSION = YES;
				GCC_WARN_ABOUT_RETURN_TYPE = YES_ERROR;
				GCC_WARN_UNDECLARED_SELECTOR = YES;
				GCC_WARN_UNINITIALIZED_AUTOS = YES_AGGRESSIVE;
				GCC_WARN_UNUSED_FUNCTION = YES;
				GCC_WARN_UNUSED_VARIABLE = YES;
				IPHONEOS_DEPLOYMENT_TARGET = 11.2;
				MTL_ENABLE_DEBUG_INFO = YES;
				ONLY_ACTIVE_ARCH = YES;
				SDKROOT = iphoneos;
				SWIFT_ACTIVE_COMPILATION_CONDITIONS = DEBUG;
				SWIFT_OPTIMIZATION_LEVEL = "-Onone";
			};
			name = Debug;
		};
		344C941020226E280025E4C5 /* Release */ = {
			isa = XCBuildConfiguration;
			buildSettings = {
				ALWAYS_SEARCH_USER_PATHS = NO;
				CLANG_ANALYZER_NONNULL = YES;
				CLANG_ANALYZER_NUMBER_OBJECT_CONVERSION = YES_AGGRESSIVE;
				CLANG_CXX_LANGUAGE_STANDARD = "gnu++14";
				CLANG_CXX_LIBRARY = "libc++";
				CLANG_ENABLE_MODULES = YES;
				CLANG_ENABLE_OBJC_ARC = YES;
				CLANG_WARN_BLOCK_CAPTURE_AUTORELEASING = YES;
				CLANG_WARN_BOOL_CONVERSION = YES;
				CLANG_WARN_COMMA = YES;
				CLANG_WARN_CONSTANT_CONVERSION = YES;
				CLANG_WARN_DIRECT_OBJC_ISA_USAGE = YES_ERROR;
				CLANG_WARN_DOCUMENTATION_COMMENTS = YES;
				CLANG_WARN_EMPTY_BODY = YES;
				CLANG_WARN_ENUM_CONVERSION = YES;
				CLANG_WARN_INFINITE_RECURSION = YES;
				CLANG_WARN_INT_CONVERSION = YES;
				CLANG_WARN_NON_LITERAL_NULL_CONVERSION = YES;
				CLANG_WARN_OBJC_LITERAL_CONVERSION = YES;
				CLANG_WARN_OBJC_ROOT_CLASS = YES_ERROR;
				CLANG_WARN_RANGE_LOOP_ANALYSIS = YES;
				CLANG_WARN_STRICT_PROTOTYPES = YES;
				CLANG_WARN_SUSPICIOUS_MOVE = YES;
				CLANG_WARN_UNGUARDED_AVAILABILITY = YES_AGGRESSIVE;
				CLANG_WARN_UNREACHABLE_CODE = YES;
				CLANG_WARN__DUPLICATE_METHOD_MATCH = YES;
				CODE_SIGN_IDENTITY = "iPhone Developer";
				COPY_PHASE_STRIP = NO;
				DEBUG_INFORMATION_FORMAT = "dwarf-with-dsym";
				ENABLE_NS_ASSERTIONS = NO;
				ENABLE_STRICT_OBJC_MSGSEND = YES;
				GCC_C_LANGUAGE_STANDARD = gnu11;
				GCC_NO_COMMON_BLOCKS = YES;
				GCC_WARN_64_TO_32_BIT_CONVERSION = YES;
				GCC_WARN_ABOUT_RETURN_TYPE = YES_ERROR;
				GCC_WARN_UNDECLARED_SELECTOR = YES;
				GCC_WARN_UNINITIALIZED_AUTOS = YES_AGGRESSIVE;
				GCC_WARN_UNUSED_FUNCTION = YES;
				GCC_WARN_UNUSED_VARIABLE = YES;
				IPHONEOS_DEPLOYMENT_TARGET = 11.2;
				MTL_ENABLE_DEBUG_INFO = NO;
				SDKROOT = iphoneos;
				SWIFT_OPTIMIZATION_LEVEL = "-Owholemodule";
				VALIDATE_PRODUCT = YES;
			};
			name = Release;
		};
		344C941220226E280025E4C5 /* Debug */ = {
			isa = XCBuildConfiguration;
			baseConfigurationReference = 6E7F0BE298641A4C1885D691 /* Pods-reCap.debug.xcconfig */;
			buildSettings = {
				ASSETCATALOG_COMPILER_APPICON_NAME = iOSAppIcon;
				ASSETCATALOG_COMPILER_LAUNCHIMAGE_NAME = LaunchImage;
				CODE_SIGN_STYLE = Automatic;
				DEVELOPMENT_TEAM = CZ7R6F7L6H;
				INFOPLIST_FILE = reCap/Info.plist;
				LD_RUNPATH_SEARCH_PATHS = "$(inherited) @executable_path/Frameworks";
				PRODUCT_BUNDLE_IDENTIFIER = "Kaleb-Cooper-Team-Red.reCap";
				PRODUCT_NAME = "$(TARGET_NAME)";
				SWIFT_VERSION = 4.0;
				TARGETED_DEVICE_FAMILY = 1;
			};
			name = Debug;
		};
		344C941320226E280025E4C5 /* Release */ = {
			isa = XCBuildConfiguration;
			baseConfigurationReference = FD711CD9070EBA00B0CC489C /* Pods-reCap.release.xcconfig */;
			buildSettings = {
				ASSETCATALOG_COMPILER_APPICON_NAME = iOSAppIcon;
				ASSETCATALOG_COMPILER_LAUNCHIMAGE_NAME = LaunchImage;
				CODE_SIGN_STYLE = Automatic;
				DEVELOPMENT_TEAM = CZ7R6F7L6H;
				INFOPLIST_FILE = reCap/Info.plist;
				LD_RUNPATH_SEARCH_PATHS = "$(inherited) @executable_path/Frameworks";
				PRODUCT_BUNDLE_IDENTIFIER = "Kaleb-Cooper-Team-Red.reCap";
				PRODUCT_NAME = "$(TARGET_NAME)";
				SWIFT_VERSION = 4.0;
				TARGETED_DEVICE_FAMILY = 1;
			};
			name = Release;
		};
		344C941520226E280025E4C5 /* Debug */ = {
			isa = XCBuildConfiguration;
			baseConfigurationReference = 33F49E39B3F66D85845EA247 /* Pods-reCapTests.debug.xcconfig */;
			buildSettings = {
				ALWAYS_EMBED_SWIFT_STANDARD_LIBRARIES = YES;
				BUNDLE_LOADER = "$(TEST_HOST)";
				CODE_SIGN_STYLE = Automatic;
				DEVELOPMENT_TEAM = VPT5835T5T;
				INFOPLIST_FILE = reCapTests/Info.plist;
				LD_RUNPATH_SEARCH_PATHS = "$(inherited) @executable_path/Frameworks @loader_path/Frameworks";
				PRODUCT_BUNDLE_IDENTIFIER = "Kaleb-Cooper-Team-Red.reCapTests";
				PRODUCT_NAME = "$(TARGET_NAME)";
				SWIFT_VERSION = 4.0;
				TARGETED_DEVICE_FAMILY = "1,2";
				TEST_HOST = "$(BUILT_PRODUCTS_DIR)/reCap.app/reCap";
			};
			name = Debug;
		};
		344C941620226E280025E4C5 /* Release */ = {
			isa = XCBuildConfiguration;
			baseConfigurationReference = BA8DD26FBE17C9DE1FEA2661 /* Pods-reCapTests.release.xcconfig */;
			buildSettings = {
				ALWAYS_EMBED_SWIFT_STANDARD_LIBRARIES = YES;
				BUNDLE_LOADER = "$(TEST_HOST)";
				CODE_SIGN_STYLE = Automatic;
				DEVELOPMENT_TEAM = VPT5835T5T;
				INFOPLIST_FILE = reCapTests/Info.plist;
				LD_RUNPATH_SEARCH_PATHS = "$(inherited) @executable_path/Frameworks @loader_path/Frameworks";
				PRODUCT_BUNDLE_IDENTIFIER = "Kaleb-Cooper-Team-Red.reCapTests";
				PRODUCT_NAME = "$(TARGET_NAME)";
				SWIFT_VERSION = 4.0;
				TARGETED_DEVICE_FAMILY = "1,2";
				TEST_HOST = "$(BUILT_PRODUCTS_DIR)/reCap.app/reCap";
			};
			name = Release;
		};
		344C941820226E280025E4C5 /* Debug */ = {
			isa = XCBuildConfiguration;
			baseConfigurationReference = 0A2114EEAEABC1E493BE437E /* Pods-reCapUITests.debug.xcconfig */;
			buildSettings = {
				ALWAYS_EMBED_SWIFT_STANDARD_LIBRARIES = YES;
				CODE_SIGN_STYLE = Automatic;
				DEVELOPMENT_TEAM = VPT5835T5T;
				INFOPLIST_FILE = reCapUITests/Info.plist;
				LD_RUNPATH_SEARCH_PATHS = "$(inherited) @executable_path/Frameworks @loader_path/Frameworks";
				PRODUCT_BUNDLE_IDENTIFIER = "Kaleb-Cooper-Team-Red.reCapUITests";
				PRODUCT_NAME = "$(TARGET_NAME)";
				SWIFT_VERSION = 4.0;
				TARGETED_DEVICE_FAMILY = "1,2";
				TEST_TARGET_NAME = reCap;
			};
			name = Debug;
		};
		344C941920226E280025E4C5 /* Release */ = {
			isa = XCBuildConfiguration;
			baseConfigurationReference = 9E55F61F0BAC3591F8A02BA9 /* Pods-reCapUITests.release.xcconfig */;
			buildSettings = {
				ALWAYS_EMBED_SWIFT_STANDARD_LIBRARIES = YES;
				CODE_SIGN_STYLE = Automatic;
				DEVELOPMENT_TEAM = VPT5835T5T;
				INFOPLIST_FILE = reCapUITests/Info.plist;
				LD_RUNPATH_SEARCH_PATHS = "$(inherited) @executable_path/Frameworks @loader_path/Frameworks";
				PRODUCT_BUNDLE_IDENTIFIER = "Kaleb-Cooper-Team-Red.reCapUITests";
				PRODUCT_NAME = "$(TARGET_NAME)";
				SWIFT_VERSION = 4.0;
				TARGETED_DEVICE_FAMILY = "1,2";
				TEST_TARGET_NAME = reCap;
			};
			name = Release;
		};
/* End XCBuildConfiguration section */

/* Begin XCConfigurationList section */
		344C93E120226E280025E4C5 /* Build configuration list for PBXProject "reCap" */ = {
			isa = XCConfigurationList;
			buildConfigurations = (
				344C940F20226E280025E4C5 /* Debug */,
				344C941020226E280025E4C5 /* Release */,
			);
			defaultConfigurationIsVisible = 0;
			defaultConfigurationName = Release;
		};
		344C941120226E280025E4C5 /* Build configuration list for PBXNativeTarget "reCap" */ = {
			isa = XCConfigurationList;
			buildConfigurations = (
				344C941220226E280025E4C5 /* Debug */,
				344C941320226E280025E4C5 /* Release */,
			);
			defaultConfigurationIsVisible = 0;
			defaultConfigurationName = Release;
		};
		344C941420226E280025E4C5 /* Build configuration list for PBXNativeTarget "reCapTests" */ = {
			isa = XCConfigurationList;
			buildConfigurations = (
				344C941520226E280025E4C5 /* Debug */,
				344C941620226E280025E4C5 /* Release */,
			);
			defaultConfigurationIsVisible = 0;
			defaultConfigurationName = Release;
		};
		344C941720226E280025E4C5 /* Build configuration list for PBXNativeTarget "reCapUITests" */ = {
			isa = XCConfigurationList;
			buildConfigurations = (
				344C941820226E280025E4C5 /* Debug */,
				344C941920226E280025E4C5 /* Release */,
			);
			defaultConfigurationIsVisible = 0;
			defaultConfigurationName = Release;
		};
/* End XCConfigurationList section */

/* Begin XCVersionGroup section */
		344C93F020226E280025E4C5 /* reCap.xcdatamodeld */ = {
			isa = XCVersionGroup;
			children = (
				344C93F120226E280025E4C5 /* reCap.xcdatamodel */,
			);
			currentVersion = 344C93F120226E280025E4C5 /* reCap.xcdatamodel */;
			path = reCap.xcdatamodeld;
			sourceTree = "<group>";
			versionGroupType = wrapper.xcdatamodel;
		};
/* End XCVersionGroup section */
	};
	rootObject = 344C93DE20226E280025E4C5 /* Project object */;
}
