// !$*UTF8*$!
{
	archiveVersion = 1;
	classes = {
	};
	objectVersion = 48;
	objects = {

/* Begin PBXBuildFile section */
		3422D37F20226FE600570374 /* GoogleService-Info.plist in Resources */ = {isa = PBXBuildFile; fileRef = 3422D37E20226FE600570374 /* GoogleService-Info.plist */; };
		344C93EA20226E280025E4C5 /* AppDelegate.swift in Sources */ = {isa = PBXBuildFile; fileRef = 344C93E920226E280025E4C5 /* AppDelegate.swift */; };
		344C93EF20226E280025E4C5 /* Main.storyboard in Resources */ = {isa = PBXBuildFile; fileRef = 344C93ED20226E280025E4C5 /* Main.storyboard */; };
		344C93F220226E280025E4C5 /* reCap.xcdatamodeld in Sources */ = {isa = PBXBuildFile; fileRef = 344C93F020226E280025E4C5 /* reCap.xcdatamodeld */; };
		344C93F420226E280025E4C5 /* Assets.xcassets in Resources */ = {isa = PBXBuildFile; fileRef = 344C93F320226E280025E4C5 /* Assets.xcassets */; };
		344C940220226E280025E4C5 /* reCapTests.swift in Sources */ = {isa = PBXBuildFile; fileRef = 344C940120226E280025E4C5 /* reCapTests.swift */; };
		344C940D20226E280025E4C5 /* reCapUITests.swift in Sources */ = {isa = PBXBuildFile; fileRef = 344C940C20226E280025E4C5 /* reCapUITests.swift */; };
		345FB83920363BE300C59FDB /* SignInVC.swift in Sources */ = {isa = PBXBuildFile; fileRef = 345FB83820363BE300C59FDB /* SignInVC.swift */; };
		347A06A4202A14BB00961024 /* SignInTransitionVC.swift in Sources */ = {isa = PBXBuildFile; fileRef = 347A06A3202A14BB00961024 /* SignInTransitionVC.swift */; };
		348591FF203A79DA003E3704 /* TutorialErosionVC.swift in Sources */ = {isa = PBXBuildFile; fileRef = 348591FE203A79DA003E3704 /* TutorialErosionVC.swift */; };
		34859201203A79E9003E3704 /* TutorialLandscapeVC.swift in Sources */ = {isa = PBXBuildFile; fileRef = 34859200203A79E9003E3704 /* TutorialLandscapeVC.swift */; };
		34859203203A7A05003E3704 /* TutorialCityVC.swift in Sources */ = {isa = PBXBuildFile; fileRef = 34859202203A7A05003E3704 /* TutorialCityVC.swift */; };
		34859205203A7A19003E3704 /* TutorialAnythingVC.swift in Sources */ = {isa = PBXBuildFile; fileRef = 34859204203A7A19003E3704 /* TutorialAnythingVC.swift */; };
		34859207203A7A26003E3704 /* TutorialCollabVC.swift in Sources */ = {isa = PBXBuildFile; fileRef = 34859206203A7A26003E3704 /* TutorialCollabVC.swift */; };
		34859209203A7A45003E3704 /* TutorialFriendsVC.swift in Sources */ = {isa = PBXBuildFile; fileRef = 34859208203A7A45003E3704 /* TutorialFriendsVC.swift */; };
		3485920B203A7A50003E3704 /* TutorialHikingVC.swift in Sources */ = {isa = PBXBuildFile; fileRef = 3485920A203A7A50003E3704 /* TutorialHikingVC.swift */; };
		3485920D203A7A5E003E3704 /* TutorialFinalVC.swift in Sources */ = {isa = PBXBuildFile; fileRef = 3485920C203A7A5E003E3704 /* TutorialFinalVC.swift */; };
		3485920F203A7BAA003E3704 /* TutorialPageVC.swift in Sources */ = {isa = PBXBuildFile; fileRef = 3485920E203A7BAA003E3704 /* TutorialPageVC.swift */; };
		34A7ACA8202787DA00ACFB12 /* PageViewController.swift in Sources */ = {isa = PBXBuildFile; fileRef = 34A7ACA7202787DA00ACFB12 /* PageViewController.swift */; };
		34A7ACB020278CA700ACFB12 /* LeaderboardContainerVC.swift in Sources */ = {isa = PBXBuildFile; fileRef = 34A7ACAF20278CA700ACFB12 /* LeaderboardContainerVC.swift */; };
		34A7ACB42027A4EB00ACFB12 /* Map.storyboard in Resources */ = {isa = PBXBuildFile; fileRef = 34A7ACB32027A4EB00ACFB12 /* Map.storyboard */; };
		34A7ACB62027A4F500ACFB12 /* Camera.storyboard in Resources */ = {isa = PBXBuildFile; fileRef = 34A7ACB52027A4F500ACFB12 /* Camera.storyboard */; };
		34A7ACB82027A51700ACFB12 /* LeaderboardsFriends.storyboard in Resources */ = {isa = PBXBuildFile; fileRef = 34A7ACB72027A51700ACFB12 /* LeaderboardsFriends.storyboard */; };
		34F60577203FD24C001A74E4 /* ImageConfirmVC.swift in Sources */ = {isa = PBXBuildFile; fileRef = 34F60575203FD24C001A74E4 /* ImageConfirmVC.swift */; };
		34F60578203FD24C001A74E4 /* ImageCreateVC.swift in Sources */ = {isa = PBXBuildFile; fileRef = 34F60576203FD24C001A74E4 /* ImageCreateVC.swift */; };
		3BD76B62D24CA017D72CCCDA /* Pods_reCapUITests.framework in Frameworks */ = {isa = PBXBuildFile; fileRef = 9CD7EFB0164AE95822E97FC9 /* Pods_reCapUITests.framework */; };
		4166566AA68139D9E70F183A /* Pods_reCap.framework in Frameworks */ = {isa = PBXBuildFile; fileRef = C0C6A1AA7E56B3B8DAD1F814 /* Pods_reCap.framework */; };
		431B5E71E2A82C2D5591C9FD /* Pods_reCapTests.framework in Frameworks */ = {isa = PBXBuildFile; fileRef = 0A855F58760B4E1DE5F6226D /* Pods_reCapTests.framework */; };
		7A120DC3203E6BBB0003EE1F /* Profile.storyboard in Resources */ = {isa = PBXBuildFile; fileRef = 7A120DC2203E6BBB0003EE1F /* Profile.storyboard */; };
		7A120DC7203E6EB10003EE1F /* Tutorial.storyboard in Resources */ = {isa = PBXBuildFile; fileRef = 7A120DC6203E6EB10003EE1F /* Tutorial.storyboard */; };
		7A120DCC2041ED030003EE1F /* TutorialTransitionVC.swift in Sources */ = {isa = PBXBuildFile; fileRef = 7A120DCA2041ED030003EE1F /* TutorialTransitionVC.swift */; };
		7A120DCD2041ED030003EE1F /* TutorialWelcomeVC.swift in Sources */ = {isa = PBXBuildFile; fileRef = 7A120DCB2041ED030003EE1F /* TutorialWelcomeVC.swift */; };
		7A38A275202AB56100DF239F /* PhotoChallengeTableCell.swift in Sources */ = {isa = PBXBuildFile; fileRef = 7A38A274202AB56100DF239F /* PhotoChallengeTableCell.swift */; };
		7A38A277202AB56C00DF239F /* PhotoLibChallengeVC.swift in Sources */ = {isa = PBXBuildFile; fileRef = 7A38A276202AB56C00DF239F /* PhotoLibChallengeVC.swift */; };
		7A38A279202AB57600DF239F /* PhotoLibChallenge.storyboard in Resources */ = {isa = PBXBuildFile; fileRef = 7A38A278202AB57600DF239F /* PhotoLibChallenge.storyboard */; };
		7A3B468C202AB3FC001D19B6 /* EdgeShadowLayer.swift in Sources */ = {isa = PBXBuildFile; fileRef = 7A3B468B202AB3FC001D19B6 /* EdgeShadowLayer.swift */; };
		7A3B468E202AB407001D19B6 /* SignIn.storyboard in Resources */ = {isa = PBXBuildFile; fileRef = 7A3B468D202AB407001D19B6 /* SignIn.storyboard */; };
		7A3C60112027B99A00ABC9E1 /* PageView.storyboard in Resources */ = {isa = PBXBuildFile; fileRef = 7A3C60102027B99A00ABC9E1 /* PageView.storyboard */; };
		7A3C60132027BAE300ABC9E1 /* MapContainerVC.swift in Sources */ = {isa = PBXBuildFile; fileRef = 7A3C60122027BAE200ABC9E1 /* MapContainerVC.swift */; };
		7A4D8A3A20277E4F0043878E /* CreateAccountVC.swift in Sources */ = {isa = PBXBuildFile; fileRef = 7A4D8A3920277E4F0043878E /* CreateAccountVC.swift */; };
		7A4D8A4020277F450043878E /* MapVC.swift in Sources */ = {isa = PBXBuildFile; fileRef = 7A4D8A3F20277F450043878E /* MapVC.swift */; };
		7A4D8A4220277FA00043878E /* ChallengesVC.swift in Sources */ = {isa = PBXBuildFile; fileRef = 7A4D8A4120277FA00043878E /* ChallengesVC.swift */; };
		7A4D8A442027801E0043878E /* NavigationVC.swift in Sources */ = {isa = PBXBuildFile; fileRef = 7A4D8A432027801E0043878E /* NavigationVC.swift */; };
		7A4D8A46202780A00043878E /* RecentPicturesVC.swift in Sources */ = {isa = PBXBuildFile; fileRef = 7A4D8A45202780A00043878E /* RecentPicturesVC.swift */; };
		7A4D8A4A2027818A0043878E /* ProfileSettingsVC.swift in Sources */ = {isa = PBXBuildFile; fileRef = 7A4D8A492027818A0043878E /* ProfileSettingsVC.swift */; };
		7A4D8A4E202781CF0043878E /* TableCollectionView.swift in Sources */ = {isa = PBXBuildFile; fileRef = 7A4D8A4C202781CF0043878E /* TableCollectionView.swift */; };
		7A4D8A4F202781CF0043878E /* TableCollectionView.xib in Resources */ = {isa = PBXBuildFile; fileRef = 7A4D8A4D202781CF0043878E /* TableCollectionView.xib */; };
		7A4D8A56202783090043878E /* User.swift in Sources */ = {isa = PBXBuildFile; fileRef = 7A4D8A55202783090043878E /* User.swift */; };
		7A4D8A58202789AA0043878E /* PictureData.swift in Sources */ = {isa = PBXBuildFile; fileRef = 7A4D8A57202789AA0043878E /* PictureData.swift */; };
		7A5878472030D22700F36A56 /* Extensions.swift in Sources */ = {isa = PBXBuildFile; fileRef = 7A5878462030D22600F36A56 /* Extensions.swift */; };
		7A58784F2030D25900F36A56 /* triomphe-bold-autoinstr.ttf in Resources */ = {isa = PBXBuildFile; fileRef = 7A5878492030D25900F36A56 /* triomphe-bold-autoinstr.ttf */; };
		7A5878502030D25900F36A56 /* triomphe-light-autoinstr.ttf in Resources */ = {isa = PBXBuildFile; fileRef = 7A58784A2030D25900F36A56 /* triomphe-light-autoinstr.ttf */; };
		7A5878512030D25900F36A56 /* triomphe-italic-autoinstr.ttf in Resources */ = {isa = PBXBuildFile; fileRef = 7A58784B2030D25900F36A56 /* triomphe-italic-autoinstr.ttf */; };
		7A5878522030D25900F36A56 /* triomphe-light-italic-autoinstr.ttf in Resources */ = {isa = PBXBuildFile; fileRef = 7A58784C2030D25900F36A56 /* triomphe-light-italic-autoinstr.ttf */; };
		7A5878532030D25900F36A56 /* triomphe-bold-italic-autoinstr.ttf in Resources */ = {isa = PBXBuildFile; fileRef = 7A58784D2030D25900F36A56 /* triomphe-bold-italic-autoinstr.ttf */; };
		7A5878542030D25900F36A56 /* triomphe-regular-autoinstr.ttf in Resources */ = {isa = PBXBuildFile; fileRef = 7A58784E2030D25900F36A56 /* triomphe-regular-autoinstr.ttf */; };
		7A58785E20310A0100F36A56 /* CreateAccount.storyboard in Resources */ = {isa = PBXBuildFile; fileRef = 7A58785D20310A0100F36A56 /* CreateAccount.storyboard */; };
		7ABF80C8203A509900BCE787 /* ProfileMenuVC.swift in Sources */ = {isa = PBXBuildFile; fileRef = 7ABF80C5203A509800BCE787 /* ProfileMenuVC.swift */; };
		7ABF80CC203A50AA00BCE787 /* CameraContainerVC.swift in Sources */ = {isa = PBXBuildFile; fileRef = 7ABF80CB203A50AA00BCE787 /* CameraContainerVC.swift */; };
		7ABF80CE203A63F800BCE787 /* Settings.storyboard in Resources */ = {isa = PBXBuildFile; fileRef = 7ABF80CD203A63F800BCE787 /* Settings.storyboard */; };
		7ABF80D0203A64D300BCE787 /* Photo.storyboard in Resources */ = {isa = PBXBuildFile; fileRef = 7ABF80CF203A64D300BCE787 /* Photo.storyboard */; };
		7AE3755F2037C56000CA9946 /* Launch Screen.storyboard in Resources */ = {isa = PBXBuildFile; fileRef = 7AE3755E2037C56000CA9946 /* Launch Screen.storyboard */; };
		7AE375672037C6DA00CA9946 /* FBDatabase.swift in Sources */ = {isa = PBXBuildFile; fileRef = 7AE375662037C6D900CA9946 /* FBDatabase.swift */; };
		7AE3756B2037C8E100CA9946 /* LeaderboardsFriendsVC.swift in Sources */ = {isa = PBXBuildFile; fileRef = 7AE375692037C8E100CA9946 /* LeaderboardsFriendsVC.swift */; };
		7AE3756C2037C8E100CA9946 /* LeaderboardFriendsTableCell.swift in Sources */ = {isa = PBXBuildFile; fileRef = 7AE3756A2037C8E100CA9946 /* LeaderboardFriendsTableCell.swift */; };
		7AF3594A2038CDE500713EA3 /* SettingsVC.swift in Sources */ = {isa = PBXBuildFile; fileRef = 7AF359492038CDE500713EA3 /* SettingsVC.swift */; };
		7AF3594E2038FB6700713EA3 /* Username.swift in Sources */ = {isa = PBXBuildFile; fileRef = 7AF3594D2038FB6700713EA3 /* Username.swift */; };
/* End PBXBuildFile section */

/* Begin PBXContainerItemProxy section */
		344C93FE20226E280025E4C5 /* PBXContainerItemProxy */ = {
			isa = PBXContainerItemProxy;
			containerPortal = 344C93DE20226E280025E4C5 /* Project object */;
			proxyType = 1;
			remoteGlobalIDString = 344C93E520226E280025E4C5;
			remoteInfo = reCap;
		};
		344C940920226E280025E4C5 /* PBXContainerItemProxy */ = {
			isa = PBXContainerItemProxy;
			containerPortal = 344C93DE20226E280025E4C5 /* Project object */;
			proxyType = 1;
			remoteGlobalIDString = 344C93E520226E280025E4C5;
			remoteInfo = reCap;
		};
/* End PBXContainerItemProxy section */

/* Begin PBXFileReference section */
		0A2114EEAEABC1E493BE437E /* Pods-reCapUITests.debug.xcconfig */ = {isa = PBXFileReference; includeInIndex = 1; lastKnownFileType = text.xcconfig; name = "Pods-reCapUITests.debug.xcconfig"; path = "Pods/Target Support Files/Pods-reCapUITests/Pods-reCapUITests.debug.xcconfig"; sourceTree = "<group>"; };
		0A855F58760B4E1DE5F6226D /* Pods_reCapTests.framework */ = {isa = PBXFileReference; explicitFileType = wrapper.framework; includeInIndex = 0; path = Pods_reCapTests.framework; sourceTree = BUILT_PRODUCTS_DIR; };
		33F49E39B3F66D85845EA247 /* Pods-reCapTests.debug.xcconfig */ = {isa = PBXFileReference; includeInIndex = 1; lastKnownFileType = text.xcconfig; name = "Pods-reCapTests.debug.xcconfig"; path = "Pods/Target Support Files/Pods-reCapTests/Pods-reCapTests.debug.xcconfig"; sourceTree = "<group>"; };
		3422D37E20226FE600570374 /* GoogleService-Info.plist */ = {isa = PBXFileReference; fileEncoding = 4; lastKnownFileType = text.plist.xml; path = "GoogleService-Info.plist"; sourceTree = "<group>"; };
		344C93E620226E280025E4C5 /* reCap.app */ = {isa = PBXFileReference; explicitFileType = wrapper.application; includeInIndex = 0; path = reCap.app; sourceTree = BUILT_PRODUCTS_DIR; };
		344C93E920226E280025E4C5 /* AppDelegate.swift */ = {isa = PBXFileReference; lastKnownFileType = sourcecode.swift; path = AppDelegate.swift; sourceTree = "<group>"; };
		344C93EE20226E280025E4C5 /* Base */ = {isa = PBXFileReference; lastKnownFileType = file.storyboard; name = Base; path = Base.lproj/Main.storyboard; sourceTree = "<group>"; };
		344C93F120226E280025E4C5 /* reCap.xcdatamodel */ = {isa = PBXFileReference; lastKnownFileType = wrapper.xcdatamodel; path = reCap.xcdatamodel; sourceTree = "<group>"; };
		344C93F320226E280025E4C5 /* Assets.xcassets */ = {isa = PBXFileReference; lastKnownFileType = folder.assetcatalog; path = Assets.xcassets; sourceTree = "<group>"; };
		344C93F820226E280025E4C5 /* Info.plist */ = {isa = PBXFileReference; lastKnownFileType = text.plist.xml; path = Info.plist; sourceTree = "<group>"; };
		344C93FD20226E280025E4C5 /* reCapTests.xctest */ = {isa = PBXFileReference; explicitFileType = wrapper.cfbundle; includeInIndex = 0; path = reCapTests.xctest; sourceTree = BUILT_PRODUCTS_DIR; };
		344C940120226E280025E4C5 /* reCapTests.swift */ = {isa = PBXFileReference; lastKnownFileType = sourcecode.swift; path = reCapTests.swift; sourceTree = "<group>"; };
		344C940320226E280025E4C5 /* Info.plist */ = {isa = PBXFileReference; lastKnownFileType = text.plist.xml; path = Info.plist; sourceTree = "<group>"; };
		344C940820226E280025E4C5 /* reCapUITests.xctest */ = {isa = PBXFileReference; explicitFileType = wrapper.cfbundle; includeInIndex = 0; path = reCapUITests.xctest; sourceTree = BUILT_PRODUCTS_DIR; };
		344C940C20226E280025E4C5 /* reCapUITests.swift */ = {isa = PBXFileReference; lastKnownFileType = sourcecode.swift; path = reCapUITests.swift; sourceTree = "<group>"; };
		344C940E20226E280025E4C5 /* Info.plist */ = {isa = PBXFileReference; lastKnownFileType = text.plist.xml; path = Info.plist; sourceTree = "<group>"; };
		345FB83820363BE300C59FDB /* SignInVC.swift */ = {isa = PBXFileReference; lastKnownFileType = sourcecode.swift; path = SignInVC.swift; sourceTree = "<group>"; };
		347A06A3202A14BB00961024 /* SignInTransitionVC.swift */ = {isa = PBXFileReference; lastKnownFileType = sourcecode.swift; path = SignInTransitionVC.swift; sourceTree = "<group>"; };
		348591F6203A23C4003E3704 /* Tutorial.storyboard */ = {isa = PBXFileReference; lastKnownFileType = file.storyboard; name = Tutorial.storyboard; path = ../../../../../../kaleb/Documents/SideProjects/reCap/reCap/Storyboards/Tutorial.storyboard; sourceTree = "<group>"; };
		348591FE203A79DA003E3704 /* TutorialErosionVC.swift */ = {isa = PBXFileReference; lastKnownFileType = sourcecode.swift; path = TutorialErosionVC.swift; sourceTree = "<group>"; };
		34859200203A79E9003E3704 /* TutorialLandscapeVC.swift */ = {isa = PBXFileReference; lastKnownFileType = sourcecode.swift; path = TutorialLandscapeVC.swift; sourceTree = "<group>"; };
		34859202203A7A05003E3704 /* TutorialCityVC.swift */ = {isa = PBXFileReference; lastKnownFileType = sourcecode.swift; path = TutorialCityVC.swift; sourceTree = "<group>"; };
		34859204203A7A19003E3704 /* TutorialAnythingVC.swift */ = {isa = PBXFileReference; lastKnownFileType = sourcecode.swift; path = TutorialAnythingVC.swift; sourceTree = "<group>"; };
		34859206203A7A26003E3704 /* TutorialCollabVC.swift */ = {isa = PBXFileReference; lastKnownFileType = sourcecode.swift; path = TutorialCollabVC.swift; sourceTree = "<group>"; };
		34859208203A7A45003E3704 /* TutorialFriendsVC.swift */ = {isa = PBXFileReference; lastKnownFileType = sourcecode.swift; path = TutorialFriendsVC.swift; sourceTree = "<group>"; };
		3485920A203A7A50003E3704 /* TutorialHikingVC.swift */ = {isa = PBXFileReference; lastKnownFileType = sourcecode.swift; path = TutorialHikingVC.swift; sourceTree = "<group>"; };
		3485920C203A7A5E003E3704 /* TutorialFinalVC.swift */ = {isa = PBXFileReference; lastKnownFileType = sourcecode.swift; path = TutorialFinalVC.swift; sourceTree = "<group>"; };
		3485920E203A7BAA003E3704 /* TutorialPageVC.swift */ = {isa = PBXFileReference; lastKnownFileType = sourcecode.swift; path = TutorialPageVC.swift; sourceTree = "<group>"; };
		34A7ACA7202787DA00ACFB12 /* PageViewController.swift */ = {isa = PBXFileReference; lastKnownFileType = sourcecode.swift; path = PageViewController.swift; sourceTree = "<group>"; };
		34A7ACAF20278CA700ACFB12 /* LeaderboardContainerVC.swift */ = {isa = PBXFileReference; lastKnownFileType = sourcecode.swift; path = LeaderboardContainerVC.swift; sourceTree = "<group>"; };
		34A7ACB32027A4EB00ACFB12 /* Map.storyboard */ = {isa = PBXFileReference; lastKnownFileType = file.storyboard; path = Map.storyboard; sourceTree = "<group>"; };
		34A7ACB52027A4F500ACFB12 /* Camera.storyboard */ = {isa = PBXFileReference; lastKnownFileType = file.storyboard; path = Camera.storyboard; sourceTree = "<group>"; };
		34A7ACB72027A51700ACFB12 /* LeaderboardsFriends.storyboard */ = {isa = PBXFileReference; lastKnownFileType = file.storyboard; path = LeaderboardsFriends.storyboard; sourceTree = "<group>"; };
		34F60575203FD24C001A74E4 /* ImageConfirmVC.swift */ = {isa = PBXFileReference; lastKnownFileType = sourcecode.swift; name = ImageConfirmVC.swift; path = "reCap/View Controllers/Camera/ImageConfirmVC.swift"; sourceTree = SOURCE_ROOT; };
		34F60576203FD24C001A74E4 /* ImageCreateVC.swift */ = {isa = PBXFileReference; lastKnownFileType = sourcecode.swift; name = ImageCreateVC.swift; path = "reCap/View Controllers/Camera/ImageCreateVC.swift"; sourceTree = SOURCE_ROOT; };
		6E7F0BE298641A4C1885D691 /* Pods-reCap.debug.xcconfig */ = {isa = PBXFileReference; includeInIndex = 1; lastKnownFileType = text.xcconfig; name = "Pods-reCap.debug.xcconfig"; path = "Pods/Target Support Files/Pods-reCap/Pods-reCap.debug.xcconfig"; sourceTree = "<group>"; };
		7A120DC2203E6BBB0003EE1F /* Profile.storyboard */ = {isa = PBXFileReference; fileEncoding = 4; lastKnownFileType = file.storyboard; path = Profile.storyboard; sourceTree = "<group>"; };
		7A120DC6203E6EB10003EE1F /* Tutorial.storyboard */ = {isa = PBXFileReference; fileEncoding = 4; lastKnownFileType = file.storyboard; path = Tutorial.storyboard; sourceTree = "<group>"; };
		7A120DC8203E7E170003EE1F /* PhotoChalColCell.swift */ = {isa = PBXFileReference; lastKnownFileType = sourcecode.swift; path = PhotoChalColCell.swift; sourceTree = "<group>"; };
		7A120DCA2041ED030003EE1F /* TutorialTransitionVC.swift */ = {isa = PBXFileReference; fileEncoding = 4; lastKnownFileType = sourcecode.swift; path = TutorialTransitionVC.swift; sourceTree = "<group>"; };
		7A120DCB2041ED030003EE1F /* TutorialWelcomeVC.swift */ = {isa = PBXFileReference; fileEncoding = 4; lastKnownFileType = sourcecode.swift; path = TutorialWelcomeVC.swift; sourceTree = "<group>"; };
		7A38A274202AB56100DF239F /* PhotoChallengeTableCell.swift */ = {isa = PBXFileReference; fileEncoding = 4; lastKnownFileType = sourcecode.swift; path = PhotoChallengeTableCell.swift; sourceTree = "<group>"; };
		7A38A276202AB56C00DF239F /* PhotoLibChallengeVC.swift */ = {isa = PBXFileReference; fileEncoding = 4; lastKnownFileType = sourcecode.swift; path = PhotoLibChallengeVC.swift; sourceTree = "<group>"; };
		7A38A278202AB57600DF239F /* PhotoLibChallenge.storyboard */ = {isa = PBXFileReference; fileEncoding = 4; lastKnownFileType = file.storyboard; path = PhotoLibChallenge.storyboard; sourceTree = "<group>"; };
		7A3B468B202AB3FC001D19B6 /* EdgeShadowLayer.swift */ = {isa = PBXFileReference; fileEncoding = 4; lastKnownFileType = sourcecode.swift; path = EdgeShadowLayer.swift; sourceTree = "<group>"; };
		7A3B468D202AB407001D19B6 /* SignIn.storyboard */ = {isa = PBXFileReference; fileEncoding = 4; lastKnownFileType = file.storyboard; path = SignIn.storyboard; sourceTree = "<group>"; };
		7A3C60102027B99A00ABC9E1 /* PageView.storyboard */ = {isa = PBXFileReference; fileEncoding = 4; lastKnownFileType = file.storyboard; path = PageView.storyboard; sourceTree = "<group>"; };
		7A3C60122027BAE200ABC9E1 /* MapContainerVC.swift */ = {isa = PBXFileReference; fileEncoding = 4; lastKnownFileType = sourcecode.swift; path = MapContainerVC.swift; sourceTree = "<group>"; };
		7A4D8A3920277E4F0043878E /* CreateAccountVC.swift */ = {isa = PBXFileReference; lastKnownFileType = sourcecode.swift; path = CreateAccountVC.swift; sourceTree = "<group>"; };
		7A4D8A3F20277F450043878E /* MapVC.swift */ = {isa = PBXFileReference; lastKnownFileType = sourcecode.swift; path = MapVC.swift; sourceTree = "<group>"; };
		7A4D8A4120277FA00043878E /* ChallengesVC.swift */ = {isa = PBXFileReference; lastKnownFileType = sourcecode.swift; path = ChallengesVC.swift; sourceTree = "<group>"; };
		7A4D8A432027801E0043878E /* NavigationVC.swift */ = {isa = PBXFileReference; lastKnownFileType = sourcecode.swift; path = NavigationVC.swift; sourceTree = "<group>"; };
		7A4D8A45202780A00043878E /* RecentPicturesVC.swift */ = {isa = PBXFileReference; lastKnownFileType = sourcecode.swift; path = RecentPicturesVC.swift; sourceTree = "<group>"; };
		7A4D8A492027818A0043878E /* ProfileSettingsVC.swift */ = {isa = PBXFileReference; lastKnownFileType = sourcecode.swift; path = ProfileSettingsVC.swift; sourceTree = "<group>"; };
		7A4D8A4C202781CF0043878E /* TableCollectionView.swift */ = {isa = PBXFileReference; lastKnownFileType = sourcecode.swift; path = TableCollectionView.swift; sourceTree = "<group>"; };
		7A4D8A4D202781CF0043878E /* TableCollectionView.xib */ = {isa = PBXFileReference; lastKnownFileType = file.xib; path = TableCollectionView.xib; sourceTree = "<group>"; };
		7A4D8A55202783090043878E /* User.swift */ = {isa = PBXFileReference; lastKnownFileType = sourcecode.swift; path = User.swift; sourceTree = "<group>"; };
		7A4D8A57202789AA0043878E /* PictureData.swift */ = {isa = PBXFileReference; lastKnownFileType = sourcecode.swift; path = PictureData.swift; sourceTree = "<group>"; };
		7A5878462030D22600F36A56 /* Extensions.swift */ = {isa = PBXFileReference; fileEncoding = 4; lastKnownFileType = sourcecode.swift; path = Extensions.swift; sourceTree = "<group>"; };
		7A5878492030D25900F36A56 /* triomphe-bold-autoinstr.ttf */ = {isa = PBXFileReference; lastKnownFileType = file; name = "triomphe-bold-autoinstr.ttf"; path = "reCap/Custom Fonts/triomphe-bold-autoinstr.ttf"; sourceTree = SOURCE_ROOT; };
		7A58784A2030D25900F36A56 /* triomphe-light-autoinstr.ttf */ = {isa = PBXFileReference; lastKnownFileType = file; name = "triomphe-light-autoinstr.ttf"; path = "reCap/Custom Fonts/triomphe-light-autoinstr.ttf"; sourceTree = SOURCE_ROOT; };
		7A58784B2030D25900F36A56 /* triomphe-italic-autoinstr.ttf */ = {isa = PBXFileReference; lastKnownFileType = file; name = "triomphe-italic-autoinstr.ttf"; path = "reCap/Custom Fonts/triomphe-italic-autoinstr.ttf"; sourceTree = SOURCE_ROOT; };
		7A58784C2030D25900F36A56 /* triomphe-light-italic-autoinstr.ttf */ = {isa = PBXFileReference; lastKnownFileType = file; name = "triomphe-light-italic-autoinstr.ttf"; path = "reCap/Custom Fonts/triomphe-light-italic-autoinstr.ttf"; sourceTree = SOURCE_ROOT; };
		7A58784D2030D25900F36A56 /* triomphe-bold-italic-autoinstr.ttf */ = {isa = PBXFileReference; lastKnownFileType = file; name = "triomphe-bold-italic-autoinstr.ttf"; path = "reCap/Custom Fonts/triomphe-bold-italic-autoinstr.ttf"; sourceTree = SOURCE_ROOT; };
		7A58784E2030D25900F36A56 /* triomphe-regular-autoinstr.ttf */ = {isa = PBXFileReference; lastKnownFileType = file; name = "triomphe-regular-autoinstr.ttf"; path = "reCap/Custom Fonts/triomphe-regular-autoinstr.ttf"; sourceTree = SOURCE_ROOT; };
		7A58785D20310A0100F36A56 /* CreateAccount.storyboard */ = {isa = PBXFileReference; lastKnownFileType = file.storyboard; path = CreateAccount.storyboard; sourceTree = "<group>"; };
		7AB6A13E203E68EA00933F30 /* ImageConfirmVC.swift */ = {isa = PBXFileReference; fileEncoding = 4; lastKnownFileType = sourcecode.swift; path = ImageConfirmVC.swift; sourceTree = "<group>"; };
		7AB6A140203E68F700933F30 /* ImageCreateVC.swift */ = {isa = PBXFileReference; fileEncoding = 4; lastKnownFileType = sourcecode.swift; path = ImageCreateVC.swift; sourceTree = "<group>"; };
		7ABF80C5203A509800BCE787 /* ProfileMenuVC.swift */ = {isa = PBXFileReference; fileEncoding = 4; lastKnownFileType = sourcecode.swift; path = ProfileMenuVC.swift; sourceTree = "<group>"; };
		7ABF80CB203A50AA00BCE787 /* CameraContainerVC.swift */ = {isa = PBXFileReference; fileEncoding = 4; lastKnownFileType = sourcecode.swift; path = CameraContainerVC.swift; sourceTree = "<group>"; };
		7ABF80CD203A63F800BCE787 /* Settings.storyboard */ = {isa = PBXFileReference; lastKnownFileType = file.storyboard; path = Settings.storyboard; sourceTree = "<group>"; };
		7ABF80CF203A64D300BCE787 /* Photo.storyboard */ = {isa = PBXFileReference; lastKnownFileType = file.storyboard; path = Photo.storyboard; sourceTree = "<group>"; };
		7AE3755E2037C56000CA9946 /* Launch Screen.storyboard */ = {isa = PBXFileReference; fileEncoding = 4; lastKnownFileType = file.storyboard; path = "Launch Screen.storyboard"; sourceTree = "<group>"; };
		7AE375662037C6D900CA9946 /* FBDatabase.swift */ = {isa = PBXFileReference; fileEncoding = 4; lastKnownFileType = sourcecode.swift; path = FBDatabase.swift; sourceTree = "<group>"; };
		7AE375692037C8E100CA9946 /* LeaderboardsFriendsVC.swift */ = {isa = PBXFileReference; fileEncoding = 4; lastKnownFileType = sourcecode.swift; path = LeaderboardsFriendsVC.swift; sourceTree = "<group>"; };
		7AE3756A2037C8E100CA9946 /* LeaderboardFriendsTableCell.swift */ = {isa = PBXFileReference; fileEncoding = 4; lastKnownFileType = sourcecode.swift; path = LeaderboardFriendsTableCell.swift; sourceTree = "<group>"; };
		7AF359492038CDE500713EA3 /* SettingsVC.swift */ = {isa = PBXFileReference; lastKnownFileType = sourcecode.swift; path = SettingsVC.swift; sourceTree = "<group>"; };
		7AF3594D2038FB6700713EA3 /* Username.swift */ = {isa = PBXFileReference; lastKnownFileType = sourcecode.swift; path = Username.swift; sourceTree = "<group>"; };
		9CD7EFB0164AE95822E97FC9 /* Pods_reCapUITests.framework */ = {isa = PBXFileReference; explicitFileType = wrapper.framework; includeInIndex = 0; path = Pods_reCapUITests.framework; sourceTree = BUILT_PRODUCTS_DIR; };
		9E55F61F0BAC3591F8A02BA9 /* Pods-reCapUITests.release.xcconfig */ = {isa = PBXFileReference; includeInIndex = 1; lastKnownFileType = text.xcconfig; name = "Pods-reCapUITests.release.xcconfig"; path = "Pods/Target Support Files/Pods-reCapUITests/Pods-reCapUITests.release.xcconfig"; sourceTree = "<group>"; };
		BA8DD26FBE17C9DE1FEA2661 /* Pods-reCapTests.release.xcconfig */ = {isa = PBXFileReference; includeInIndex = 1; lastKnownFileType = text.xcconfig; name = "Pods-reCapTests.release.xcconfig"; path = "Pods/Target Support Files/Pods-reCapTests/Pods-reCapTests.release.xcconfig"; sourceTree = "<group>"; };
		C0C6A1AA7E56B3B8DAD1F814 /* Pods_reCap.framework */ = {isa = PBXFileReference; explicitFileType = wrapper.framework; includeInIndex = 0; path = Pods_reCap.framework; sourceTree = BUILT_PRODUCTS_DIR; };
		FD711CD9070EBA00B0CC489C /* Pods-reCap.release.xcconfig */ = {isa = PBXFileReference; includeInIndex = 1; lastKnownFileType = text.xcconfig; name = "Pods-reCap.release.xcconfig"; path = "Pods/Target Support Files/Pods-reCap/Pods-reCap.release.xcconfig"; sourceTree = "<group>"; };
/* End PBXFileReference section */

/* Begin PBXFrameworksBuildPhase section */
		344C93E320226E280025E4C5 /* Frameworks */ = {
			isa = PBXFrameworksBuildPhase;
			buildActionMask = 2147483647;
			files = (
				4166566AA68139D9E70F183A /* Pods_reCap.framework in Frameworks */,
			);
			runOnlyForDeploymentPostprocessing = 0;
		};
		344C93FA20226E280025E4C5 /* Frameworks */ = {
			isa = PBXFrameworksBuildPhase;
			buildActionMask = 2147483647;
			files = (
				431B5E71E2A82C2D5591C9FD /* Pods_reCapTests.framework in Frameworks */,
			);
			runOnlyForDeploymentPostprocessing = 0;
		};
		344C940520226E280025E4C5 /* Frameworks */ = {
			isa = PBXFrameworksBuildPhase;
			buildActionMask = 2147483647;
			files = (
				3BD76B62D24CA017D72CCCDA /* Pods_reCapUITests.framework in Frameworks */,
			);
			runOnlyForDeploymentPostprocessing = 0;
		};
/* End PBXFrameworksBuildPhase section */

/* Begin PBXGroup section */
		0B19F7DA2FECE74EEB4F8F5B /* Pods */ = {
			isa = PBXGroup;
			children = (
				6E7F0BE298641A4C1885D691 /* Pods-reCap.debug.xcconfig */,
				FD711CD9070EBA00B0CC489C /* Pods-reCap.release.xcconfig */,
				33F49E39B3F66D85845EA247 /* Pods-reCapTests.debug.xcconfig */,
				BA8DD26FBE17C9DE1FEA2661 /* Pods-reCapTests.release.xcconfig */,
				0A2114EEAEABC1E493BE437E /* Pods-reCapUITests.debug.xcconfig */,
				9E55F61F0BAC3591F8A02BA9 /* Pods-reCapUITests.release.xcconfig */,
			);
			name = Pods;
			sourceTree = "<group>";
		};
		344C93DD20226E280025E4C5 = {
			isa = PBXGroup;
			children = (
				344C93E820226E280025E4C5 /* reCap */,
				344C940020226E280025E4C5 /* reCapTests */,
				344C940B20226E280025E4C5 /* reCapUITests */,
				344C93E720226E280025E4C5 /* Products */,
				0B19F7DA2FECE74EEB4F8F5B /* Pods */,
				C6FF080457583B7CA4FEF83E /* Frameworks */,
				7AB6A142203E698000933F30 /* Recovered References */,
			);
			sourceTree = "<group>";
		};
		344C93E720226E280025E4C5 /* Products */ = {
			isa = PBXGroup;
			children = (
				344C93E620226E280025E4C5 /* reCap.app */,
				344C93FD20226E280025E4C5 /* reCapTests.xctest */,
				344C940820226E280025E4C5 /* reCapUITests.xctest */,
			);
			name = Products;
			sourceTree = "<group>";
		};
		344C93E820226E280025E4C5 /* reCap */ = {
			isa = PBXGroup;
			children = (
				7AE3755D2037C51D00CA9946 /* Custom Fonts */,
				7A5878462030D22600F36A56 /* Extensions.swift */,
				7A4D8A53202782DB0043878E /* Custom Objects */,
				7A4D8A50202782480043878E /* Database */,
				34A7ACA62027878E00ACFB12 /* Storyboards */,
				7A4D8A3820277DFF0043878E /* View Controllers */,
				344C93E920226E280025E4C5 /* AppDelegate.swift */,
				344C93F320226E280025E4C5 /* Assets.xcassets */,
				344C93F820226E280025E4C5 /* Info.plist */,
				344C93F020226E280025E4C5 /* reCap.xcdatamodeld */,
				3422D37E20226FE600570374 /* GoogleService-Info.plist */,
			);
			path = reCap;
			sourceTree = "<group>";
		};
		344C940020226E280025E4C5 /* reCapTests */ = {
			isa = PBXGroup;
			children = (
				344C940120226E280025E4C5 /* reCapTests.swift */,
				344C940320226E280025E4C5 /* Info.plist */,
			);
			path = reCapTests;
			sourceTree = "<group>";
		};
		344C940B20226E280025E4C5 /* reCapUITests */ = {
			isa = PBXGroup;
			children = (
				344C940C20226E280025E4C5 /* reCapUITests.swift */,
				344C940E20226E280025E4C5 /* Info.plist */,
			);
			path = reCapUITests;
			sourceTree = "<group>";
		};
		348591F8203A7942003E3704 /* Camera */ = {
			isa = PBXGroup;
			children = (
				34F60575203FD24C001A74E4 /* ImageConfirmVC.swift */,
				34F60576203FD24C001A74E4 /* ImageCreateVC.swift */,
				7ABF80CB203A50AA00BCE787 /* CameraContainerVC.swift */,
			);
			path = Camera;
			sourceTree = "<group>";
		};
		348591F9203A795D003E3704 /* Map */ = {
			isa = PBXGroup;
			children = (
				7A4D8A432027801E0043878E /* NavigationVC.swift */,
				7A3C60122027BAE200ABC9E1 /* MapContainerVC.swift */,
				7A4D8A3F20277F450043878E /* MapVC.swift */,
			);
			path = Map;
			sourceTree = "<group>";
		};
		348591FA203A7971003E3704 /* Tutorial */ = {
			isa = PBXGroup;
			children = (
				7A120DCA2041ED030003EE1F /* TutorialTransitionVC.swift */,
				7A120DCB2041ED030003EE1F /* TutorialWelcomeVC.swift */,
				348591FE203A79DA003E3704 /* TutorialErosionVC.swift */,
				34859200203A79E9003E3704 /* TutorialLandscapeVC.swift */,
				34859202203A7A05003E3704 /* TutorialCityVC.swift */,
				34859204203A7A19003E3704 /* TutorialAnythingVC.swift */,
				34859206203A7A26003E3704 /* TutorialCollabVC.swift */,
				34859208203A7A45003E3704 /* TutorialFriendsVC.swift */,
				3485920A203A7A50003E3704 /* TutorialHikingVC.swift */,
				3485920C203A7A5E003E3704 /* TutorialFinalVC.swift */,
				3485920E203A7BAA003E3704 /* TutorialPageVC.swift */,
			);
			path = Tutorial;
			sourceTree = "<group>";
		};
		34A7ACA62027878E00ACFB12 /* Storyboards */ = {
			isa = PBXGroup;
			children = (
				7A120DC6203E6EB10003EE1F /* Tutorial.storyboard */,
				7A120DC2203E6BBB0003EE1F /* Profile.storyboard */,
				7AE3755E2037C56000CA9946 /* Launch Screen.storyboard */,
				7A3B468D202AB407001D19B6 /* SignIn.storyboard */,
				7A58785D20310A0100F36A56 /* CreateAccount.storyboard */,
				7A3C60102027B99A00ABC9E1 /* PageView.storyboard */,
				344C93ED20226E280025E4C5 /* Main.storyboard */,
				34A7ACB32027A4EB00ACFB12 /* Map.storyboard */,
				34A7ACB52027A4F500ACFB12 /* Camera.storyboard */,
				7A38A278202AB57600DF239F /* PhotoLibChallenge.storyboard */,
				34A7ACB72027A51700ACFB12 /* LeaderboardsFriends.storyboard */,
				7ABF80CD203A63F800BCE787 /* Settings.storyboard */,
				7ABF80CF203A64D300BCE787 /* Photo.storyboard */,
			);
			path = Storyboards;
			sourceTree = "<group>";
		};
		34A7ACAA2027886800ACFB12 /* PageViewControllers */ = {
			isa = PBXGroup;
			children = (
				34A7ACA7202787DA00ACFB12 /* PageViewController.swift */,
				34A7ACAF20278CA700ACFB12 /* LeaderboardContainerVC.swift */,
				7AF359492038CDE500713EA3 /* SettingsVC.swift */,
			);
			path = PageViewControllers;
			sourceTree = "<group>";
		};
		7A38A273202AB54800DF239F /* PhotoLibChallenge */ = {
			isa = PBXGroup;
			children = (
				7A38A274202AB56100DF239F /* PhotoChallengeTableCell.swift */,
				7A38A276202AB56C00DF239F /* PhotoLibChallengeVC.swift */,
				7A120DC8203E7E170003EE1F /* PhotoChalColCell.swift */,
			);
			path = PhotoLibChallenge;
			sourceTree = "<group>";
		};
		7A4D8A3820277DFF0043878E /* View Controllers */ = {
			isa = PBXGroup;
			children = (
				348591FA203A7971003E3704 /* Tutorial */,
				348591F9203A795D003E3704 /* Map */,
				348591F8203A7942003E3704 /* Camera */,
				345FB83820363BE300C59FDB /* SignInVC.swift */,
				7ABF80C5203A509800BCE787 /* ProfileMenuVC.swift */,
				7A38A273202AB54800DF239F /* PhotoLibChallenge */,
				34A7ACAA2027886800ACFB12 /* PageViewControllers */,
				7A4D8A4B202781A80043878E /* Reusable */,
				347A06A3202A14BB00961024 /* SignInTransitionVC.swift */,
				7A4D8A3920277E4F0043878E /* CreateAccountVC.swift */,
				7A4D8A4120277FA00043878E /* ChallengesVC.swift */,
				7A4D8A45202780A00043878E /* RecentPicturesVC.swift */,
				7A4D8A492027818A0043878E /* ProfileSettingsVC.swift */,
				7AE375682037C8E100CA9946 /* LeaderboardFriends */,
			);
			path = "View Controllers";
			sourceTree = "<group>";
		};
		7A4D8A4B202781A80043878E /* Reusable */ = {
			isa = PBXGroup;
			children = (
				7A4D8A4C202781CF0043878E /* TableCollectionView.swift */,
				7A4D8A4D202781CF0043878E /* TableCollectionView.xib */,
			);
			path = Reusable;
			sourceTree = "<group>";
		};
		7A4D8A50202782480043878E /* Database */ = {
			isa = PBXGroup;
			children = (
				7AE375662037C6D900CA9946 /* FBDatabase.swift */,
			);
			path = Database;
			sourceTree = "<group>";
		};
		7A4D8A53202782DB0043878E /* Custom Objects */ = {
			isa = PBXGroup;
			children = (
				7A3B468B202AB3FC001D19B6 /* EdgeShadowLayer.swift */,
				7A4D8A55202783090043878E /* User.swift */,
				7A4D8A57202789AA0043878E /* PictureData.swift */,
				7AF3594D2038FB6700713EA3 /* Username.swift */,
			);
			path = "Custom Objects";
			sourceTree = "<group>";
		};
		7AB6A142203E698000933F30 /* Recovered References */ = {
			isa = PBXGroup;
			children = (
				348591F6203A23C4003E3704 /* Tutorial.storyboard */,
				7AB6A13E203E68EA00933F30 /* ImageConfirmVC.swift */,
				7AB6A140203E68F700933F30 /* ImageCreateVC.swift */,
			);
			name = "Recovered References";
			sourceTree = "<group>";
		};
		7AE3755D2037C51D00CA9946 /* Custom Fonts */ = {
			isa = PBXGroup;
			children = (
				7A5878492030D25900F36A56 /* triomphe-bold-autoinstr.ttf */,
				7A58784D2030D25900F36A56 /* triomphe-bold-italic-autoinstr.ttf */,
				7A58784B2030D25900F36A56 /* triomphe-italic-autoinstr.ttf */,
				7A58784A2030D25900F36A56 /* triomphe-light-autoinstr.ttf */,
				7A58784C2030D25900F36A56 /* triomphe-light-italic-autoinstr.ttf */,
				7A58784E2030D25900F36A56 /* triomphe-regular-autoinstr.ttf */,
			);
			path = "Custom Fonts";
			sourceTree = "<group>";
		};
		7AE375682037C8E100CA9946 /* LeaderboardFriends */ = {
			isa = PBXGroup;
			children = (
				7AE375692037C8E100CA9946 /* LeaderboardsFriendsVC.swift */,
				7AE3756A2037C8E100CA9946 /* LeaderboardFriendsTableCell.swift */,
			);
			path = LeaderboardFriends;
			sourceTree = "<group>";
		};
		C6FF080457583B7CA4FEF83E /* Frameworks */ = {
			isa = PBXGroup;
			children = (
				C0C6A1AA7E56B3B8DAD1F814 /* Pods_reCap.framework */,
				0A855F58760B4E1DE5F6226D /* Pods_reCapTests.framework */,
				9CD7EFB0164AE95822E97FC9 /* Pods_reCapUITests.framework */,
			);
			name = Frameworks;
			sourceTree = "<group>";
		};
/* End PBXGroup section */

/* Begin PBXNativeTarget section */
		344C93E520226E280025E4C5 /* reCap */ = {
			isa = PBXNativeTarget;
			buildConfigurationList = 344C941120226E280025E4C5 /* Build configuration list for PBXNativeTarget "reCap" */;
			buildPhases = (
				3F5F6AD7F5875CE95513C6EA /* [CP] Check Pods Manifest.lock */,
				344C93E220226E280025E4C5 /* Sources */,
				344C93E320226E280025E4C5 /* Frameworks */,
				344C93E420226E280025E4C5 /* Resources */,
				094BF00E2C04316FA0C1E2DF /* [CP] Embed Pods Frameworks */,
				E138EA84D49DA44F7E229C48 /* [CP] Copy Pods Resources */,
			);
			buildRules = (
			);
			dependencies = (
			);
			name = reCap;
			productName = reCap;
			productReference = 344C93E620226E280025E4C5 /* reCap.app */;
			productType = "com.apple.product-type.application";
		};
		344C93FC20226E280025E4C5 /* reCapTests */ = {
			isa = PBXNativeTarget;
			buildConfigurationList = 344C941420226E280025E4C5 /* Build configuration list for PBXNativeTarget "reCapTests" */;
			buildPhases = (
				0C1846D35379BB36B6C9BF34 /* [CP] Check Pods Manifest.lock */,
				344C93F920226E280025E4C5 /* Sources */,
				344C93FA20226E280025E4C5 /* Frameworks */,
				344C93FB20226E280025E4C5 /* Resources */,
				C90CAE8BB1ED54E7C2AFDBB9 /* [CP] Embed Pods Frameworks */,
				69A0B94A7F7EC89CCC1D66B9 /* [CP] Copy Pods Resources */,
			);
			buildRules = (
			);
			dependencies = (
				344C93FF20226E280025E4C5 /* PBXTargetDependency */,
			);
			name = reCapTests;
			productName = reCapTests;
			productReference = 344C93FD20226E280025E4C5 /* reCapTests.xctest */;
			productType = "com.apple.product-type.bundle.unit-test";
		};
		344C940720226E280025E4C5 /* reCapUITests */ = {
			isa = PBXNativeTarget;
			buildConfigurationList = 344C941720226E280025E4C5 /* Build configuration list for PBXNativeTarget "reCapUITests" */;
			buildPhases = (
				F5AD435BC0DFA58D41751021 /* [CP] Check Pods Manifest.lock */,
				344C940420226E280025E4C5 /* Sources */,
				344C940520226E280025E4C5 /* Frameworks */,
				344C940620226E280025E4C5 /* Resources */,
				1591320382C717450F87D843 /* [CP] Embed Pods Frameworks */,
				F0F2C0EF7A57CCC6273BC18F /* [CP] Copy Pods Resources */,
			);
			buildRules = (
			);
			dependencies = (
				344C940A20226E280025E4C5 /* PBXTargetDependency */,
			);
			name = reCapUITests;
			productName = reCapUITests;
			productReference = 344C940820226E280025E4C5 /* reCapUITests.xctest */;
			productType = "com.apple.product-type.bundle.ui-testing";
		};
/* End PBXNativeTarget section */

/* Begin PBXProject section */
		344C93DE20226E280025E4C5 /* Project object */ = {
			isa = PBXProject;
			attributes = {
				LastSwiftUpdateCheck = 0920;
				LastUpgradeCheck = 0920;
				ORGANIZATIONNAME = "Kaleb Cooper";
				TargetAttributes = {
					344C93E520226E280025E4C5 = {
						CreatedOnToolsVersion = 9.2;
						ProvisioningStyle = Automatic;
					};
					344C93FC20226E280025E4C5 = {
						CreatedOnToolsVersion = 9.2;
						ProvisioningStyle = Automatic;
						TestTargetID = 344C93E520226E280025E4C5;
					};
					344C940720226E280025E4C5 = {
						CreatedOnToolsVersion = 9.2;
						ProvisioningStyle = Automatic;
						TestTargetID = 344C93E520226E280025E4C5;
					};
				};
			};
			buildConfigurationList = 344C93E120226E280025E4C5 /* Build configuration list for PBXProject "reCap" */;
			compatibilityVersion = "Xcode 8.0";
			developmentRegion = en;
			hasScannedForEncodings = 0;
			knownRegions = (
				en,
				Base,
			);
			mainGroup = 344C93DD20226E280025E4C5;
			productRefGroup = 344C93E720226E280025E4C5 /* Products */;
			projectDirPath = "";
			projectRoot = "";
			targets = (
				344C93E520226E280025E4C5 /* reCap */,
				344C93FC20226E280025E4C5 /* reCapTests */,
				344C940720226E280025E4C5 /* reCapUITests */,
			);
		};
/* End PBXProject section */

/* Begin PBXResourcesBuildPhase section */
		344C93E420226E280025E4C5 /* Resources */ = {
			isa = PBXResourcesBuildPhase;
			buildActionMask = 2147483647;
			files = (
				7A5878522030D25900F36A56 /* triomphe-light-italic-autoinstr.ttf in Resources */,
				7A5878532030D25900F36A56 /* triomphe-bold-italic-autoinstr.ttf in Resources */,
				34A7ACB82027A51700ACFB12 /* LeaderboardsFriends.storyboard in Resources */,
				7A38A279202AB57600DF239F /* PhotoLibChallenge.storyboard in Resources */,
				7A5878542030D25900F36A56 /* triomphe-regular-autoinstr.ttf in Resources */,
				7A3C60112027B99A00ABC9E1 /* PageView.storyboard in Resources */,
				7A120DC3203E6BBB0003EE1F /* Profile.storyboard in Resources */,
				34A7ACB62027A4F500ACFB12 /* Camera.storyboard in Resources */,
				7A3B468E202AB407001D19B6 /* SignIn.storyboard in Resources */,
				7AE3755F2037C56000CA9946 /* Launch Screen.storyboard in Resources */,
				7A58785E20310A0100F36A56 /* CreateAccount.storyboard in Resources */,
				34A7ACB42027A4EB00ACFB12 /* Map.storyboard in Resources */,
				3422D37F20226FE600570374 /* GoogleService-Info.plist in Resources */,
				7A5878502030D25900F36A56 /* triomphe-light-autoinstr.ttf in Resources */,
				7ABF80D0203A64D300BCE787 /* Photo.storyboard in Resources */,
				344C93F420226E280025E4C5 /* Assets.xcassets in Resources */,
				344C93EF20226E280025E4C5 /* Main.storyboard in Resources */,
				7A4D8A4F202781CF0043878E /* TableCollectionView.xib in Resources */,
				7A5878512030D25900F36A56 /* triomphe-italic-autoinstr.ttf in Resources */,
				7A58784F2030D25900F36A56 /* triomphe-bold-autoinstr.ttf in Resources */,
				7A120DC7203E6EB10003EE1F /* Tutorial.storyboard in Resources */,
				7ABF80CE203A63F800BCE787 /* Settings.storyboard in Resources */,
			);
			runOnlyForDeploymentPostprocessing = 0;
		};
		344C93FB20226E280025E4C5 /* Resources */ = {
			isa = PBXResourcesBuildPhase;
			buildActionMask = 2147483647;
			files = (
			);
			runOnlyForDeploymentPostprocessing = 0;
		};
		344C940620226E280025E4C5 /* Resources */ = {
			isa = PBXResourcesBuildPhase;
			buildActionMask = 2147483647;
			files = (
			);
			runOnlyForDeploymentPostprocessing = 0;
		};
/* End PBXResourcesBuildPhase section */

/* Begin PBXShellScriptBuildPhase section */
		094BF00E2C04316FA0C1E2DF /* [CP] Embed Pods Frameworks */ = {
			isa = PBXShellScriptBuildPhase;
			buildActionMask = 2147483647;
			files = (
			);
			inputPaths = (
				"${SRCROOT}/Pods/Target Support Files/Pods-reCap/Pods-reCap-frameworks.sh",
				"${BUILT_PRODUCTS_DIR}/ClusterKit/ClusterKit.framework",
				"${BUILT_PRODUCTS_DIR}/GTMSessionFetcher/GTMSessionFetcher.framework",
				"${BUILT_PRODUCTS_DIR}/GoogleToolboxForMac/GoogleToolboxForMac.framework",
				"${BUILT_PRODUCTS_DIR}/Hero/Hero.framework",
				"${BUILT_PRODUCTS_DIR}/IHKeyboardAvoiding/IHKeyboardAvoiding.framework",
				"${PODS_ROOT}/Mapbox-iOS-SDK/dynamic/Mapbox.framework",
				"${PODS_ROOT}/Mapbox-iOS-SDK/dynamic/Mapbox.framework.dSYM",
				"${BUILT_PRODUCTS_DIR}/MapboxGeocoder.swift/MapboxGeocoder.framework",
				"${BUILT_PRODUCTS_DIR}/Pageboy/Pageboy.framework",
				"${BUILT_PRODUCTS_DIR}/SkyFloatingLabelTextField/SkyFloatingLabelTextField.framework",
				"${BUILT_PRODUCTS_DIR}/SwiftLocation/SwiftLocation.framework",
				"${BUILT_PRODUCTS_DIR}/SwiftyJSON/SwiftyJSON.framework",
				"${BUILT_PRODUCTS_DIR}/leveldb-library/leveldb.framework",
				"${BUILT_PRODUCTS_DIR}/nanopb/nanopb.framework",
			);
			name = "[CP] Embed Pods Frameworks";
			outputPaths = (
				"${TARGET_BUILD_DIR}/${FRAMEWORKS_FOLDER_PATH}/ClusterKit.framework",
				"${TARGET_BUILD_DIR}/${FRAMEWORKS_FOLDER_PATH}/GTMSessionFetcher.framework",
				"${TARGET_BUILD_DIR}/${FRAMEWORKS_FOLDER_PATH}/GoogleToolboxForMac.framework",
				"${TARGET_BUILD_DIR}/${FRAMEWORKS_FOLDER_PATH}/Hero.framework",
				"${TARGET_BUILD_DIR}/${FRAMEWORKS_FOLDER_PATH}/IHKeyboardAvoiding.framework",
				"${TARGET_BUILD_DIR}/${FRAMEWORKS_FOLDER_PATH}/Mapbox.framework",
				"${DWARF_DSYM_FOLDER_PATH}/Mapbox.framework.dSYM",
				"${TARGET_BUILD_DIR}/${FRAMEWORKS_FOLDER_PATH}/MapboxGeocoder.framework",
				"${TARGET_BUILD_DIR}/${FRAMEWORKS_FOLDER_PATH}/Pageboy.framework",
				"${TARGET_BUILD_DIR}/${FRAMEWORKS_FOLDER_PATH}/SkyFloatingLabelTextField.framework",
				"${TARGET_BUILD_DIR}/${FRAMEWORKS_FOLDER_PATH}/SwiftLocation.framework",
				"${TARGET_BUILD_DIR}/${FRAMEWORKS_FOLDER_PATH}/SwiftyJSON.framework",
				"${TARGET_BUILD_DIR}/${FRAMEWORKS_FOLDER_PATH}/leveldb.framework",
				"${TARGET_BUILD_DIR}/${FRAMEWORKS_FOLDER_PATH}/nanopb.framework",
			);
			runOnlyForDeploymentPostprocessing = 0;
			shellPath = /bin/sh;
			shellScript = "\"${SRCROOT}/Pods/Target Support Files/Pods-reCap/Pods-reCap-frameworks.sh\"\n";
			showEnvVarsInLog = 0;
		};
		0C1846D35379BB36B6C9BF34 /* [CP] Check Pods Manifest.lock */ = {
			isa = PBXShellScriptBuildPhase;
			buildActionMask = 2147483647;
			files = (
			);
			inputPaths = (
				"${PODS_PODFILE_DIR_PATH}/Podfile.lock",
				"${PODS_ROOT}/Manifest.lock",
			);
			name = "[CP] Check Pods Manifest.lock";
			outputPaths = (
				"$(DERIVED_FILE_DIR)/Pods-reCapTests-checkManifestLockResult.txt",
			);
			runOnlyForDeploymentPostprocessing = 0;
			shellPath = /bin/sh;
			shellScript = "diff \"${PODS_PODFILE_DIR_PATH}/Podfile.lock\" \"${PODS_ROOT}/Manifest.lock\" > /dev/null\nif [ $? != 0 ] ; then\n    # print error to STDERR\n    echo \"error: The sandbox is not in sync with the Podfile.lock. Run 'pod install' or update your CocoaPods installation.\" >&2\n    exit 1\nfi\n# This output is used by Xcode 'outputs' to avoid re-running this script phase.\necho \"SUCCESS\" > \"${SCRIPT_OUTPUT_FILE_0}\"\n";
			showEnvVarsInLog = 0;
		};
		1591320382C717450F87D843 /* [CP] Embed Pods Frameworks */ = {
			isa = PBXShellScriptBuildPhase;
			buildActionMask = 2147483647;
			files = (
			);
			inputPaths = (
			);
			name = "[CP] Embed Pods Frameworks";
			outputPaths = (
			);
			runOnlyForDeploymentPostprocessing = 0;
			shellPath = /bin/sh;
			shellScript = "\"${SRCROOT}/Pods/Target Support Files/Pods-reCapUITests/Pods-reCapUITests-frameworks.sh\"\n";
			showEnvVarsInLog = 0;
		};
		3F5F6AD7F5875CE95513C6EA /* [CP] Check Pods Manifest.lock */ = {
			isa = PBXShellScriptBuildPhase;
			buildActionMask = 2147483647;
			files = (
			);
			inputPaths = (
				"${PODS_PODFILE_DIR_PATH}/Podfile.lock",
				"${PODS_ROOT}/Manifest.lock",
			);
			name = "[CP] Check Pods Manifest.lock";
			outputPaths = (
				"$(DERIVED_FILE_DIR)/Pods-reCap-checkManifestLockResult.txt",
			);
			runOnlyForDeploymentPostprocessing = 0;
			shellPath = /bin/sh;
			shellScript = "diff \"${PODS_PODFILE_DIR_PATH}/Podfile.lock\" \"${PODS_ROOT}/Manifest.lock\" > /dev/null\nif [ $? != 0 ] ; then\n    # print error to STDERR\n    echo \"error: The sandbox is not in sync with the Podfile.lock. Run 'pod install' or update your CocoaPods installation.\" >&2\n    exit 1\nfi\n# This output is used by Xcode 'outputs' to avoid re-running this script phase.\necho \"SUCCESS\" > \"${SCRIPT_OUTPUT_FILE_0}\"\n";
			showEnvVarsInLog = 0;
		};
		69A0B94A7F7EC89CCC1D66B9 /* [CP] Copy Pods Resources */ = {
			isa = PBXShellScriptBuildPhase;
			buildActionMask = 2147483647;
			files = (
			);
			inputPaths = (
			);
			name = "[CP] Copy Pods Resources";
			outputPaths = (
			);
			runOnlyForDeploymentPostprocessing = 0;
			shellPath = /bin/sh;
			shellScript = "\"${SRCROOT}/Pods/Target Support Files/Pods-reCapTests/Pods-reCapTests-resources.sh\"\n";
			showEnvVarsInLog = 0;
		};
		C90CAE8BB1ED54E7C2AFDBB9 /* [CP] Embed Pods Frameworks */ = {
			isa = PBXShellScriptBuildPhase;
			buildActionMask = 2147483647;
			files = (
			);
			inputPaths = (
			);
			name = "[CP] Embed Pods Frameworks";
			outputPaths = (
			);
			runOnlyForDeploymentPostprocessing = 0;
			shellPath = /bin/sh;
			shellScript = "\"${SRCROOT}/Pods/Target Support Files/Pods-reCapTests/Pods-reCapTests-frameworks.sh\"\n";
			showEnvVarsInLog = 0;
		};
		E138EA84D49DA44F7E229C48 /* [CP] Copy Pods Resources */ = {
			isa = PBXShellScriptBuildPhase;
			buildActionMask = 2147483647;
			files = (
			);
			inputPaths = (
			);
			name = "[CP] Copy Pods Resources";
			outputPaths = (
			);
			runOnlyForDeploymentPostprocessing = 0;
			shellPath = /bin/sh;
			shellScript = "\"${SRCROOT}/Pods/Target Support Files/Pods-reCap/Pods-reCap-resources.sh\"\n";
			showEnvVarsInLog = 0;
		};
		F0F2C0EF7A57CCC6273BC18F /* [CP] Copy Pods Resources */ = {
			isa = PBXShellScriptBuildPhase;
			buildActionMask = 2147483647;
			files = (
			);
			inputPaths = (
			);
			name = "[CP] Copy Pods Resources";
			outputPaths = (
			);
			runOnlyForDeploymentPostprocessing = 0;
			shellPath = /bin/sh;
			shellScript = "\"${SRCROOT}/Pods/Target Support Files/Pods-reCapUITests/Pods-reCapUITests-resources.sh\"\n";
			showEnvVarsInLog = 0;
		};
		F5AD435BC0DFA58D41751021 /* [CP] Check Pods Manifest.lock */ = {
			isa = PBXShellScriptBuildPhase;
			buildActionMask = 2147483647;
			files = (
			);
			inputPaths = (
				"${PODS_PODFILE_DIR_PATH}/Podfile.lock",
				"${PODS_ROOT}/Manifest.lock",
			);
			name = "[CP] Check Pods Manifest.lock";
			outputPaths = (
				"$(DERIVED_FILE_DIR)/Pods-reCapUITests-checkManifestLockResult.txt",
			);
			runOnlyForDeploymentPostprocessing = 0;
			shellPath = /bin/sh;
			shellScript = "diff \"${PODS_PODFILE_DIR_PATH}/Podfile.lock\" \"${PODS_ROOT}/Manifest.lock\" > /dev/null\nif [ $? != 0 ] ; then\n    # print error to STDERR\n    echo \"error: The sandbox is not in sync with the Podfile.lock. Run 'pod install' or update your CocoaPods installation.\" >&2\n    exit 1\nfi\n# This output is used by Xcode 'outputs' to avoid re-running this script phase.\necho \"SUCCESS\" > \"${SCRIPT_OUTPUT_FILE_0}\"\n";
			showEnvVarsInLog = 0;
		};
/* End PBXShellScriptBuildPhase section */

/* Begin PBXSourcesBuildPhase section */
		344C93E220226E280025E4C5 /* Sources */ = {
			isa = PBXSourcesBuildPhase;
			buildActionMask = 2147483647;
			files = (
				7A4D8A46202780A00043878E /* RecentPicturesVC.swift in Sources */,
				7ABF80CC203A50AA00BCE787 /* CameraContainerVC.swift in Sources */,
				7A5878472030D22700F36A56 /* Extensions.swift in Sources */,
				34859203203A7A05003E3704 /* TutorialCityVC.swift in Sources */,
				345FB83920363BE300C59FDB /* SignInVC.swift in Sources */,
				7A38A277202AB56C00DF239F /* PhotoLibChallengeVC.swift in Sources */,
				34F60578203FD24C001A74E4 /* ImageCreateVC.swift in Sources */,
				7A4D8A58202789AA0043878E /* PictureData.swift in Sources */,
				7A120DCC2041ED030003EE1F /* TutorialTransitionVC.swift in Sources */,
				344C93F220226E280025E4C5 /* reCap.xcdatamodeld in Sources */,
				7A120DCD2041ED030003EE1F /* TutorialWelcomeVC.swift in Sources */,
				34F60577203FD24C001A74E4 /* ImageConfirmVC.swift in Sources */,
				7A4D8A442027801E0043878E /* NavigationVC.swift in Sources */,
				7A4D8A56202783090043878E /* User.swift in Sources */,
				7A4D8A4A2027818A0043878E /* ProfileSettingsVC.swift in Sources */,
				34859201203A79E9003E3704 /* TutorialLandscapeVC.swift in Sources */,
				34859209203A7A45003E3704 /* TutorialFriendsVC.swift in Sources */,
				34859205203A7A19003E3704 /* TutorialAnythingVC.swift in Sources */,
				34A7ACB020278CA700ACFB12 /* LeaderboardContainerVC.swift in Sources */,
				3485920B203A7A50003E3704 /* TutorialHikingVC.swift in Sources */,
				7A4D8A4E202781CF0043878E /* TableCollectionView.swift in Sources */,
				347A06A4202A14BB00961024 /* SignInTransitionVC.swift in Sources */,
				7AF3594A2038CDE500713EA3 /* SettingsVC.swift in Sources */,
				7A4D8A4020277F450043878E /* MapVC.swift in Sources */,
				7ABF80C8203A509900BCE787 /* ProfileMenuVC.swift in Sources */,
				3485920D203A7A5E003E3704 /* TutorialFinalVC.swift in Sources */,
				7AE3756B2037C8E100CA9946 /* LeaderboardsFriendsVC.swift in Sources */,
				7AE3756C2037C8E100CA9946 /* LeaderboardFriendsTableCell.swift in Sources */,
				7A3C60132027BAE300ABC9E1 /* MapContainerVC.swift in Sources */,
				7A38A275202AB56100DF239F /* PhotoChallengeTableCell.swift in Sources */,
				7A3B468C202AB3FC001D19B6 /* EdgeShadowLayer.swift in Sources */,
				348591FF203A79DA003E3704 /* TutorialErosionVC.swift in Sources */,
				34859207203A7A26003E3704 /* TutorialCollabVC.swift in Sources */,
				7AE375672037C6DA00CA9946 /* FBDatabase.swift in Sources */,
				3485920F203A7BAA003E3704 /* TutorialPageVC.swift in Sources */,
				7AF3594E2038FB6700713EA3 /* Username.swift in Sources */,
				7A4D8A3A20277E4F0043878E /* CreateAccountVC.swift in Sources */,
				34A7ACA8202787DA00ACFB12 /* PageViewController.swift in Sources */,
				344C93EA20226E280025E4C5 /* AppDelegate.swift in Sources */,
				7A4D8A4220277FA00043878E /* ChallengesVC.swift in Sources */,
			);
			runOnlyForDeploymentPostprocessing = 0;
		};
		344C93F920226E280025E4C5 /* Sources */ = {
			isa = PBXSourcesBuildPhase;
			buildActionMask = 2147483647;
			files = (
				344C940220226E280025E4C5 /* reCapTests.swift in Sources */,
			);
			runOnlyForDeploymentPostprocessing = 0;
		};
		344C940420226E280025E4C5 /* Sources */ = {
			isa = PBXSourcesBuildPhase;
			buildActionMask = 2147483647;
			files = (
				344C940D20226E280025E4C5 /* reCapUITests.swift in Sources */,
			);
			runOnlyForDeploymentPostprocessing = 0;
		};
/* End PBXSourcesBuildPhase section */

/* Begin PBXTargetDependency section */
		344C93FF20226E280025E4C5 /* PBXTargetDependency */ = {
			isa = PBXTargetDependency;
			target = 344C93E520226E280025E4C5 /* reCap */;
			targetProxy = 344C93FE20226E280025E4C5 /* PBXContainerItemProxy */;
		};
		344C940A20226E280025E4C5 /* PBXTargetDependency */ = {
			isa = PBXTargetDependency;
			target = 344C93E520226E280025E4C5 /* reCap */;
			targetProxy = 344C940920226E280025E4C5 /* PBXContainerItemProxy */;
		};
/* End PBXTargetDependency section */

/* Begin PBXVariantGroup section */
		344C93ED20226E280025E4C5 /* Main.storyboard */ = {
			isa = PBXVariantGroup;
			children = (
				344C93EE20226E280025E4C5 /* Base */,
			);
			name = Main.storyboard;
			sourceTree = "<group>";
		};
/* End PBXVariantGroup section */

/* Begin XCBuildConfiguration section */
		344C940F20226E280025E4C5 /* Debug */ = {
			isa = XCBuildConfiguration;
			buildSettings = {
				ALWAYS_SEARCH_USER_PATHS = NO;
				CLANG_ANALYZER_NONNULL = YES;
				CLANG_ANALYZER_NUMBER_OBJECT_CONVERSION = YES_AGGRESSIVE;
				CLANG_CXX_LANGUAGE_STANDARD = "gnu++14";
				CLANG_CXX_LIBRARY = "libc++";
				CLANG_ENABLE_MODULES = YES;
				CLANG_ENABLE_OBJC_ARC = YES;
				CLANG_WARN_BLOCK_CAPTURE_AUTORELEASING = YES;
				CLANG_WARN_BOOL_CONVERSION = YES;
				CLANG_WARN_COMMA = YES;
				CLANG_WARN_CONSTANT_CONVERSION = YES;
				CLANG_WARN_DIRECT_OBJC_ISA_USAGE = YES_ERROR;
				CLANG_WARN_DOCUMENTATION_COMMENTS = YES;
				CLANG_WARN_EMPTY_BODY = YES;
				CLANG_WARN_ENUM_CONVERSION = YES;
				CLANG_WARN_INFINITE_RECURSION = YES;
				CLANG_WARN_INT_CONVERSION = YES;
				CLANG_WARN_NON_LITERAL_NULL_CONVERSION = YES;
				CLANG_WARN_OBJC_LITERAL_CONVERSION = YES;
				CLANG_WARN_OBJC_ROOT_CLASS = YES_ERROR;
				CLANG_WARN_RANGE_LOOP_ANALYSIS = YES;
				CLANG_WARN_STRICT_PROTOTYPES = YES;
				CLANG_WARN_SUSPICIOUS_MOVE = YES;
				CLANG_WARN_UNGUARDED_AVAILABILITY = YES_AGGRESSIVE;
				CLANG_WARN_UNREACHABLE_CODE = YES;
				CLANG_WARN__DUPLICATE_METHOD_MATCH = YES;
				CODE_SIGN_IDENTITY = "iPhone Developer";
				COPY_PHASE_STRIP = NO;
				DEBUG_INFORMATION_FORMAT = dwarf;
				ENABLE_STRICT_OBJC_MSGSEND = YES;
				ENABLE_TESTABILITY = YES;
				GCC_C_LANGUAGE_STANDARD = gnu11;
				GCC_DYNAMIC_NO_PIC = NO;
				GCC_NO_COMMON_BLOCKS = YES;
				GCC_OPTIMIZATION_LEVEL = 0;
				GCC_PREPROCESSOR_DEFINITIONS = (
					"DEBUG=1",
					"$(inherited)",
				);
				GCC_WARN_64_TO_32_BIT_CONVERSION = YES;
				GCC_WARN_ABOUT_RETURN_TYPE = YES_ERROR;
				GCC_WARN_UNDECLARED_SELECTOR = YES;
				GCC_WARN_UNINITIALIZED_AUTOS = YES_AGGRESSIVE;
				GCC_WARN_UNUSED_FUNCTION = YES;
				GCC_WARN_UNUSED_VARIABLE = YES;
				IPHONEOS_DEPLOYMENT_TARGET = 11.2;
				MTL_ENABLE_DEBUG_INFO = YES;
				ONLY_ACTIVE_ARCH = YES;
				SDKROOT = iphoneos;
				SWIFT_ACTIVE_COMPILATION_CONDITIONS = DEBUG;
				SWIFT_OPTIMIZATION_LEVEL = "-Onone";
			};
			name = Debug;
		};
		344C941020226E280025E4C5 /* Release */ = {
			isa = XCBuildConfiguration;
			buildSettings = {
				ALWAYS_SEARCH_USER_PATHS = NO;
				CLANG_ANALYZER_NONNULL = YES;
				CLANG_ANALYZER_NUMBER_OBJECT_CONVERSION = YES_AGGRESSIVE;
				CLANG_CXX_LANGUAGE_STANDARD = "gnu++14";
				CLANG_CXX_LIBRARY = "libc++";
				CLANG_ENABLE_MODULES = YES;
				CLANG_ENABLE_OBJC_ARC = YES;
				CLANG_WARN_BLOCK_CAPTURE_AUTORELEASING = YES;
				CLANG_WARN_BOOL_CONVERSION = YES;
				CLANG_WARN_COMMA = YES;
				CLANG_WARN_CONSTANT_CONVERSION = YES;
				CLANG_WARN_DIRECT_OBJC_ISA_USAGE = YES_ERROR;
				CLANG_WARN_DOCUMENTATION_COMMENTS = YES;
				CLANG_WARN_EMPTY_BODY = YES;
				CLANG_WARN_ENUM_CONVERSION = YES;
				CLANG_WARN_INFINITE_RECURSION = YES;
				CLANG_WARN_INT_CONVERSION = YES;
				CLANG_WARN_NON_LITERAL_NULL_CONVERSION = YES;
				CLANG_WARN_OBJC_LITERAL_CONVERSION = YES;
				CLANG_WARN_OBJC_ROOT_CLASS = YES_ERROR;
				CLANG_WARN_RANGE_LOOP_ANALYSIS = YES;
				CLANG_WARN_STRICT_PROTOTYPES = YES;
				CLANG_WARN_SUSPICIOUS_MOVE = YES;
				CLANG_WARN_UNGUARDED_AVAILABILITY = YES_AGGRESSIVE;
				CLANG_WARN_UNREACHABLE_CODE = YES;
				CLANG_WARN__DUPLICATE_METHOD_MATCH = YES;
				CODE_SIGN_IDENTITY = "iPhone Developer";
				COPY_PHASE_STRIP = NO;
				DEBUG_INFORMATION_FORMAT = "dwarf-with-dsym";
				ENABLE_NS_ASSERTIONS = NO;
				ENABLE_STRICT_OBJC_MSGSEND = YES;
				GCC_C_LANGUAGE_STANDARD = gnu11;
				GCC_NO_COMMON_BLOCKS = YES;
				GCC_WARN_64_TO_32_BIT_CONVERSION = YES;
				GCC_WARN_ABOUT_RETURN_TYPE = YES_ERROR;
				GCC_WARN_UNDECLARED_SELECTOR = YES;
				GCC_WARN_UNINITIALIZED_AUTOS = YES_AGGRESSIVE;
				GCC_WARN_UNUSED_FUNCTION = YES;
				GCC_WARN_UNUSED_VARIABLE = YES;
				IPHONEOS_DEPLOYMENT_TARGET = 11.2;
				MTL_ENABLE_DEBUG_INFO = NO;
				SDKROOT = iphoneos;
				SWIFT_OPTIMIZATION_LEVEL = "-Owholemodule";
				VALIDATE_PRODUCT = YES;
			};
			name = Release;
		};
		344C941220226E280025E4C5 /* Debug */ = {
			isa = XCBuildConfiguration;
			baseConfigurationReference = 6E7F0BE298641A4C1885D691 /* Pods-reCap.debug.xcconfig */;
			buildSettings = {
				ASSETCATALOG_COMPILER_APPICON_NAME = AppIcon;
				ASSETCATALOG_COMPILER_LAUNCHIMAGE_NAME = LaunchImage;
				CODE_SIGN_STYLE = Automatic;
				DEVELOPMENT_TEAM = VPT5835T5T;
				INFOPLIST_FILE = reCap/Info.plist;
				LD_RUNPATH_SEARCH_PATHS = "$(inherited) @executable_path/Frameworks";
				PRODUCT_BUNDLE_IDENTIFIER = "Kaleb-Cooper-Team-Red.reCap";
				PRODUCT_NAME = "$(TARGET_NAME)";
				SWIFT_VERSION = 4.0;
				TARGETED_DEVICE_FAMILY = "1,2";
			};
			name = Debug;
		};
		344C941320226E280025E4C5 /* Release */ = {
			isa = XCBuildConfiguration;
			baseConfigurationReference = FD711CD9070EBA00B0CC489C /* Pods-reCap.release.xcconfig */;
			buildSettings = {
				ASSETCATALOG_COMPILER_APPICON_NAME = AppIcon;
				ASSETCATALOG_COMPILER_LAUNCHIMAGE_NAME = LaunchImage;
				CODE_SIGN_STYLE = Automatic;
				DEVELOPMENT_TEAM = VPT5835T5T;
				INFOPLIST_FILE = reCap/Info.plist;
				LD_RUNPATH_SEARCH_PATHS = "$(inherited) @executable_path/Frameworks";
				PRODUCT_BUNDLE_IDENTIFIER = "Kaleb-Cooper-Team-Red.reCap";
				PRODUCT_NAME = "$(TARGET_NAME)";
				SWIFT_VERSION = 4.0;
				TARGETED_DEVICE_FAMILY = "1,2";
			};
			name = Release;
		};
		344C941520226E280025E4C5 /* Debug */ = {
			isa = XCBuildConfiguration;
			baseConfigurationReference = 33F49E39B3F66D85845EA247 /* Pods-reCapTests.debug.xcconfig */;
			buildSettings = {
				ALWAYS_EMBED_SWIFT_STANDARD_LIBRARIES = YES;
				BUNDLE_LOADER = "$(TEST_HOST)";
				CODE_SIGN_STYLE = Automatic;
				DEVELOPMENT_TEAM = VPT5835T5T;
				INFOPLIST_FILE = reCapTests/Info.plist;
				LD_RUNPATH_SEARCH_PATHS = "$(inherited) @executable_path/Frameworks @loader_path/Frameworks";
				PRODUCT_BUNDLE_IDENTIFIER = "Kaleb-Cooper-Team-Red.reCapTests";
				PRODUCT_NAME = "$(TARGET_NAME)";
				SWIFT_VERSION = 4.0;
				TARGETED_DEVICE_FAMILY = "1,2";
				TEST_HOST = "$(BUILT_PRODUCTS_DIR)/reCap.app/reCap";
			};
			name = Debug;
		};
		344C941620226E280025E4C5 /* Release */ = {
			isa = XCBuildConfiguration;
			baseConfigurationReference = BA8DD26FBE17C9DE1FEA2661 /* Pods-reCapTests.release.xcconfig */;
			buildSettings = {
				ALWAYS_EMBED_SWIFT_STANDARD_LIBRARIES = YES;
				BUNDLE_LOADER = "$(TEST_HOST)";
				CODE_SIGN_STYLE = Automatic;
				DEVELOPMENT_TEAM = VPT5835T5T;
				INFOPLIST_FILE = reCapTests/Info.plist;
				LD_RUNPATH_SEARCH_PATHS = "$(inherited) @executable_path/Frameworks @loader_path/Frameworks";
				PRODUCT_BUNDLE_IDENTIFIER = "Kaleb-Cooper-Team-Red.reCapTests";
				PRODUCT_NAME = "$(TARGET_NAME)";
				SWIFT_VERSION = 4.0;
				TARGETED_DEVICE_FAMILY = "1,2";
				TEST_HOST = "$(BUILT_PRODUCTS_DIR)/reCap.app/reCap";
			};
			name = Release;
		};
		344C941820226E280025E4C5 /* Debug */ = {
			isa = XCBuildConfiguration;
			baseConfigurationReference = 0A2114EEAEABC1E493BE437E /* Pods-reCapUITests.debug.xcconfig */;
			buildSettings = {
				ALWAYS_EMBED_SWIFT_STANDARD_LIBRARIES = YES;
				CODE_SIGN_STYLE = Automatic;
				DEVELOPMENT_TEAM = VPT5835T5T;
				INFOPLIST_FILE = reCapUITests/Info.plist;
				LD_RUNPATH_SEARCH_PATHS = "$(inherited) @executable_path/Frameworks @loader_path/Frameworks";
				PRODUCT_BUNDLE_IDENTIFIER = "Kaleb-Cooper-Team-Red.reCapUITests";
				PRODUCT_NAME = "$(TARGET_NAME)";
				SWIFT_VERSION = 4.0;
				TARGETED_DEVICE_FAMILY = "1,2";
				TEST_TARGET_NAME = reCap;
			};
			name = Debug;
		};
		344C941920226E280025E4C5 /* Release */ = {
			isa = XCBuildConfiguration;
			baseConfigurationReference = 9E55F61F0BAC3591F8A02BA9 /* Pods-reCapUITests.release.xcconfig */;
			buildSettings = {
				ALWAYS_EMBED_SWIFT_STANDARD_LIBRARIES = YES;
				CODE_SIGN_STYLE = Automatic;
				DEVELOPMENT_TEAM = VPT5835T5T;
				INFOPLIST_FILE = reCapUITests/Info.plist;
				LD_RUNPATH_SEARCH_PATHS = "$(inherited) @executable_path/Frameworks @loader_path/Frameworks";
				PRODUCT_BUNDLE_IDENTIFIER = "Kaleb-Cooper-Team-Red.reCapUITests";
				PRODUCT_NAME = "$(TARGET_NAME)";
				SWIFT_VERSION = 4.0;
				TARGETED_DEVICE_FAMILY = "1,2";
				TEST_TARGET_NAME = reCap;
			};
			name = Release;
		};
/* End XCBuildConfiguration section */

/* Begin XCConfigurationList section */
		344C93E120226E280025E4C5 /* Build configuration list for PBXProject "reCap" */ = {
			isa = XCConfigurationList;
			buildConfigurations = (
				344C940F20226E280025E4C5 /* Debug */,
				344C941020226E280025E4C5 /* Release */,
			);
			defaultConfigurationIsVisible = 0;
			defaultConfigurationName = Release;
		};
		344C941120226E280025E4C5 /* Build configuration list for PBXNativeTarget "reCap" */ = {
			isa = XCConfigurationList;
			buildConfigurations = (
				344C941220226E280025E4C5 /* Debug */,
				344C941320226E280025E4C5 /* Release */,
			);
			defaultConfigurationIsVisible = 0;
			defaultConfigurationName = Release;
		};
		344C941420226E280025E4C5 /* Build configuration list for PBXNativeTarget "reCapTests" */ = {
			isa = XCConfigurationList;
			buildConfigurations = (
				344C941520226E280025E4C5 /* Debug */,
				344C941620226E280025E4C5 /* Release */,
			);
			defaultConfigurationIsVisible = 0;
			defaultConfigurationName = Release;
		};
		344C941720226E280025E4C5 /* Build configuration list for PBXNativeTarget "reCapUITests" */ = {
			isa = XCConfigurationList;
			buildConfigurations = (
				344C941820226E280025E4C5 /* Debug */,
				344C941920226E280025E4C5 /* Release */,
			);
			defaultConfigurationIsVisible = 0;
			defaultConfigurationName = Release;
		};
/* End XCConfigurationList section */

/* Begin XCVersionGroup section */
		344C93F020226E280025E4C5 /* reCap.xcdatamodeld */ = {
			isa = XCVersionGroup;
			children = (
				344C93F120226E280025E4C5 /* reCap.xcdatamodel */,
			);
			currentVersion = 344C93F120226E280025E4C5 /* reCap.xcdatamodel */;
			path = reCap.xcdatamodeld;
			sourceTree = "<group>";
			versionGroupType = wrapper.xcdatamodel;
		};
/* End XCVersionGroup section */
	};
	rootObject = 344C93DE20226E280025E4C5 /* Project object */;
}
